PODS:
  - AFNetworking (3.1.0):
    - AFNetworking/NSURLSession (= 3.1.0)
    - AFNetworking/Reachability (= 3.1.0)
    - AFNetworking/Security (= 3.1.0)
    - AFNetworking/Serialization (= 3.1.0)
    - AFNetworking/UIKit (= 3.1.0)
  - AFNetworking/NSURLSession (3.1.0):
    - AFNetworking/Reachability
    - AFNetworking/Security
    - AFNetworking/Serialization
  - AFNetworking/Reachability (3.1.0)
  - AFNetworking/Security (3.1.0)
  - AFNetworking/Serialization (3.1.0)
  - AFNetworking/UIKit (3.1.0):
    - AFNetworking/NSURLSession
  - Block-KVO (2.2.3)
  - CodeEditorView (0.3.5)
  - JBChartView (3.0.13)
  - Masonry (1.0.1)
  - MJRefresh (3.1.12)
  - SDWebImage (3.8.1):
    - SDWebImage/Core (= 3.8.1)
  - SDWebImage/Core (3.8.1)
  - TYPagerController (1.0.6)

DEPENDENCIES:
  - AFNetworking (~> 3.0)
  - Block-KVO (from `https://github.com/Tricertops/Block-KVO.git`)
  - CodeEditorView
  - JBChartView
  - Masonry
  - MJRefresh
  - SDWebImage (~> 3.7)
  - TYPagerController (~> 1.0.6)

EXTERNAL SOURCES:
  Block-KVO:
    :git: https://github.com/Tricertops/Block-KVO.git

CHECKOUT OPTIONS:
  Block-KVO:
    :commit: b74bb98bf84a8a66f1ff81e31647c1778195f89f
    :git: https://github.com/Tricertops/Block-KVO.git

SPEC CHECKSUMS:
  AFNetworking: 5e0e199f73d8626b11e79750991f5d173d1f8b67
  Block-KVO: 20d6d9b266d669326fafde3659be7ed33dd425b5
  CodeEditorView: 42212822fc8bf26c13313f55fa0e78315a4b657d
  JBChartView: ea240dca7b83a92f47d4ae766beb3714753988a1
  Masonry: a1a931a0d08870ed8ae415a2ea5ea68ebcac77df
  MJRefresh: b96cdb21c4aa75a7b07654311ab2f315c497e806
  SDWebImage: 35f9627a3e44b4f292a8a8ce6a531fa488239b91
  TYPagerController: f24234d0234c5ada6609eadc62ba809f072ae8fe

PODFILE CHECKSUM: 38537e63dd08ae3c0a678500cc77bc8af9d80d25

COCOAPODS: 1.2.1
