// !$*UTF8*$!
{
	archiveVersion = 1;
	classes = {
	};
	objectVersion = 46;
	objects = {

/* Begin PBXBuildFile section */
		5F03E9BA1D581A8200607DB9 /* main.m in Sources */ = {isa = PBXBuildFile; fileRef = 5F03E9B91D581A8200607DB9 /* main.m */; };
		5F03E9BD1D581A8200607DB9 /* AppDelegate.m in Sources */ = {isa = PBXBuildFile; fileRef = 5F03E9BC1D581A8200607DB9 /* AppDelegate.m */; };
		5F03E9C51D581A8200607DB9 /* Assets.xcassets in Resources */ = {isa = PBXBuildFile; fileRef = 5F03E9C41D581A8200607DB9 /* Assets.xcassets */; };
		5F03E9F61D581D8100607DB9 /* HTTP.m in Sources */ = {isa = PBXBuildFile; fileRef = 5F03E9D31D581D8100607DB9 /* HTTP.m */; };
		5F03E9F71D581D8100607DB9 /* Message.m in Sources */ = {isa = PBXBuildFile; fileRef = 5F03E9D51D581D8100607DB9 /* Message.m */; };
		5F03E9F81D581D8100607DB9 /* Security.m in Sources */ = {isa = PBXBuildFile; fileRef = 5F03E9D71D581D8100607DB9 /* Security.m */; };
		5F03E9F91D581D8100607DB9 /* Time.m in Sources */ = {isa = PBXBuildFile; fileRef = 5F03E9D91D581D8100607DB9 /* Time.m */; };
		5F03E9FC1D581D8100607DB9 /* DefaultModel.m in Sources */ = {isa = PBXBuildFile; fileRef = 5F03E9E81D581D8100607DB9 /* DefaultModel.m */; };
		5F03E9FD1D581D8100607DB9 /* NoticeContentModel.m in Sources */ = {isa = PBXBuildFile; fileRef = 5F03E9EB1D581D8100607DB9 /* NoticeContentModel.m */; };
		5F03E9FE1D581D8100607DB9 /* NoticeListModel.m in Sources */ = {isa = PBXBuildFile; fileRef = 5F03E9ED1D581D8100607DB9 /* NoticeListModel.m */; };
		5F03E9FF1D581D8100607DB9 /* ProblemContentModel.m in Sources */ = {isa = PBXBuildFile; fileRef = 5F03E9F01D581D8100607DB9 /* ProblemContentModel.m */; };
		5F03EA001D581D8100607DB9 /* ProblemListModel.m in Sources */ = {isa = PBXBuildFile; fileRef = 5F03E9F21D581D8100607DB9 /* ProblemListModel.m */; };
		5F03EA011D581D8100607DB9 /* UserModel.m in Sources */ = {isa = PBXBuildFile; fileRef = 5F03E9F51D581D8100607DB9 /* UserModel.m */; };
		5F03EA061D58224D00607DB9 /* MainViewController.m in Sources */ = {isa = PBXBuildFile; fileRef = 5F03EA051D58224D00607DB9 /* MainViewController.m */; };
		5F03EA0D1D58243300607DB9 /* NoticeMainViewController.m in Sources */ = {isa = PBXBuildFile; fileRef = 5F03EA0C1D58243300607DB9 /* NoticeMainViewController.m */; };
		5F03EA101D58244700607DB9 /* ProblemMainViewController.m in Sources */ = {isa = PBXBuildFile; fileRef = 5F03EA0F1D58244700607DB9 /* ProblemMainViewController.m */; };
		5F03EA131D58245B00607DB9 /* UserMainViewController.m in Sources */ = {isa = PBXBuildFile; fileRef = 5F03EA121D58245B00607DB9 /* UserMainViewController.m */; };
		5F03EA161D58246E00607DB9 /* ContestMainViewController.m in Sources */ = {isa = PBXBuildFile; fileRef = 5F03EA151D58246E00607DB9 /* ContestMainViewController.m */; };
		5F7E4D461D58829C00E9D4C8 /* NoticeContentViewController.m in Sources */ = {isa = PBXBuildFile; fileRef = 5F7E4D451D58829C00E9D4C8 /* NoticeContentViewController.m */; };
		5F7E4D491D588DF700E9D4C8 /* DefaultSplitDetailLogoViewController.m in Sources */ = {isa = PBXBuildFile; fileRef = 5F7E4D481D588DF700E9D4C8 /* DefaultSplitDetailLogoViewController.m */; };
		5F7E4D4C1D58B6A300E9D4C8 /* ProblemSplitMasterViewController.m in Sources */ = {isa = PBXBuildFile; fileRef = 5F7E4D4B1D58B6A300E9D4C8 /* ProblemSplitMasterViewController.m */; };
		5F7E4D4F1D58B6F900E9D4C8 /* ProblemListViewController.m in Sources */ = {isa = PBXBuildFile; fileRef = 5F7E4D4E1D58B6F900E9D4C8 /* ProblemListViewController.m */; };
		5F7E4D521D58B80100E9D4C8 /* ProblemSplitDetailViewController.m in Sources */ = {isa = PBXBuildFile; fileRef = 5F7E4D511D58B80100E9D4C8 /* ProblemSplitDetailViewController.m */; };
		5F7E4D551D58B84500E9D4C8 /* ProblemContentViewController.m in Sources */ = {isa = PBXBuildFile; fileRef = 5F7E4D541D58B84500E9D4C8 /* ProblemContentViewController.m */; };
		5F7E4D581D58B8FB00E9D4C8 /* ProblemListTableViewCell.m in Sources */ = {isa = PBXBuildFile; fileRef = 5F7E4D571D58B8FB00E9D4C8 /* ProblemListTableViewCell.m */; };
		5F7E4D5B1D596C9D00E9D4C8 /* ContestSplitMasterViewController.m in Sources */ = {isa = PBXBuildFile; fileRef = 5F7E4D5A1D596C9D00E9D4C8 /* ContestSplitMasterViewController.m */; };
		5F7E4D5E1D596CCB00E9D4C8 /* ContestListViewController.m in Sources */ = {isa = PBXBuildFile; fileRef = 5F7E4D5D1D596CCB00E9D4C8 /* ContestListViewController.m */; };
		5F7E4D611D596D5100E9D4C8 /* ContestSplitDetailViewController.m in Sources */ = {isa = PBXBuildFile; fileRef = 5F7E4D601D596D5100E9D4C8 /* ContestSplitDetailViewController.m */; };
		5F7E4D641D596D9F00E9D4C8 /* ContestContentViewController.m in Sources */ = {isa = PBXBuildFile; fileRef = 5F7E4D631D596D9F00E9D4C8 /* ContestContentViewController.m */; };
		5F7E4D6B1D596F3300E9D4C8 /* ContestListModel.m in Sources */ = {isa = PBXBuildFile; fileRef = 5F7E4D691D596F3300E9D4C8 /* ContestListModel.m */; };
		5F7E4D6E1D596F8000E9D4C8 /* ContestListTableViewCell.m in Sources */ = {isa = PBXBuildFile; fileRef = 5F7E4D6D1D596F8000E9D4C8 /* ContestListTableViewCell.m */; };
		5F7E4D711D59709E00E9D4C8 /* ContestContentModel.m in Sources */ = {isa = PBXBuildFile; fileRef = 5F7E4D701D59709E00E9D4C8 /* ContestContentModel.m */; };
		5FE468191D5850CE0050636D /* NoticeSplitMasterViewController.m in Sources */ = {isa = PBXBuildFile; fileRef = 5FE468181D5850CE0050636D /* NoticeSplitMasterViewController.m */; };
		5FE4681D1D5851630050636D /* DefaultNavigationController.m in Sources */ = {isa = PBXBuildFile; fileRef = 5FE4681C1D5851630050636D /* DefaultNavigationController.m */; };
		5FE468201D5852E20050636D /* NoticeListViewController.m in Sources */ = {isa = PBXBuildFile; fileRef = 5FE4681F1D5852E20050636D /* NoticeListViewController.m */; };
		5FE468231D5853EE0050636D /* DefaultSplitViewController.m in Sources */ = {isa = PBXBuildFile; fileRef = 5FE468221D5853EE0050636D /* DefaultSplitViewController.m */; };
		5FE468271D585FD80050636D /* DefaultTableViewCell.m in Sources */ = {isa = PBXBuildFile; fileRef = 5FE468261D585FD80050636D /* DefaultTableViewCell.m */; };
		5FE4682A1D58606D0050636D /* NoticeListTableViewCell.m in Sources */ = {isa = PBXBuildFile; fileRef = 5FE468291D58606D0050636D /* NoticeListTableViewCell.m */; };
		5FE4682D1D5875310050636D /* NoticeSplitDetailViewController.m in Sources */ = {isa = PBXBuildFile; fileRef = 5FE4682C1D5875310050636D /* NoticeSplitDetailViewController.m */; };
		A9065B2ED07282106038CCAB /* libPods-CDOJ-IOS.a in Frameworks */ = {isa = PBXBuildFile; fileRef = 828531C7F2B08AAE033D8175 /* libPods-CDOJ-IOS.a */; settings = {ATTRIBUTES = (Required, ); }; };
/* End PBXBuildFile section */

/* Begin PBXFileReference section */
		0EE474F261EDAF2BBFD28F4E /* Pods-CDOJ-IOS.release.xcconfig */ = {isa = PBXFileReference; includeInIndex = 1; lastKnownFileType = text.xcconfig; name = "Pods-CDOJ-IOS.release.xcconfig"; path = "Pods/Target Support Files/Pods-CDOJ-IOS/Pods-CDOJ-IOS.release.xcconfig"; sourceTree = "<group>"; };
		5F03E9B51D581A8200607DB9 /* CDOJ-IOS.app */ = {isa = PBXFileReference; explicitFileType = wrapper.application; includeInIndex = 0; path = "CDOJ-IOS.app"; sourceTree = BUILT_PRODUCTS_DIR; };
		5F03E9B91D581A8200607DB9 /* main.m */ = {isa = PBXFileReference; lastKnownFileType = sourcecode.c.objc; path = main.m; sourceTree = "<group>"; };
		5F03E9BB1D581A8200607DB9 /* AppDelegate.h */ = {isa = PBXFileReference; lastKnownFileType = sourcecode.c.h; path = AppDelegate.h; sourceTree = "<group>"; };
		5F03E9BC1D581A8200607DB9 /* AppDelegate.m */ = {isa = PBXFileReference; lastKnownFileType = sourcecode.c.objc; path = AppDelegate.m; sourceTree = "<group>"; };
		5F03E9C41D581A8200607DB9 /* Assets.xcassets */ = {isa = PBXFileReference; lastKnownFileType = folder.assetcatalog; path = Assets.xcassets; sourceTree = "<group>"; };
		5F03E9C91D581A8200607DB9 /* Info.plist */ = {isa = PBXFileReference; lastKnownFileType = text.plist.xml; path = Info.plist; sourceTree = "<group>"; };
		5F03E9D11D581D8100607DB9 /* Function.h */ = {isa = PBXFileReference; fileEncoding = 4; lastKnownFileType = sourcecode.c.h; path = Function.h; sourceTree = "<group>"; };
		5F03E9D21D581D8100607DB9 /* HTTP.h */ = {isa = PBXFileReference; fileEncoding = 4; lastKnownFileType = sourcecode.c.h; path = HTTP.h; sourceTree = "<group>"; };
		5F03E9D31D581D8100607DB9 /* HTTP.m */ = {isa = PBXFileReference; fileEncoding = 4; lastKnownFileType = sourcecode.c.objc; path = HTTP.m; sourceTree = "<group>"; };
		5F03E9D41D581D8100607DB9 /* Message.h */ = {isa = PBXFileReference; fileEncoding = 4; lastKnownFileType = sourcecode.c.h; path = Message.h; sourceTree = "<group>"; };
		5F03E9D51D581D8100607DB9 /* Message.m */ = {isa = PBXFileReference; fileEncoding = 4; lastKnownFileType = sourcecode.c.objc; path = Message.m; sourceTree = "<group>"; };
		5F03E9D61D581D8100607DB9 /* Security.h */ = {isa = PBXFileReference; fileEncoding = 4; lastKnownFileType = sourcecode.c.h; path = Security.h; sourceTree = "<group>"; };
		5F03E9D71D581D8100607DB9 /* Security.m */ = {isa = PBXFileReference; fileEncoding = 4; lastKnownFileType = sourcecode.c.objc; path = Security.m; sourceTree = "<group>"; };
		5F03E9D81D581D8100607DB9 /* Time.h */ = {isa = PBXFileReference; fileEncoding = 4; lastKnownFileType = sourcecode.c.h; path = Time.h; sourceTree = "<group>"; };
		5F03E9D91D581D8100607DB9 /* Time.m */ = {isa = PBXFileReference; fileEncoding = 4; lastKnownFileType = sourcecode.c.objc; path = Time.m; sourceTree = "<group>"; };
		5F03E9DB1D581D8100607DB9 /* Api.h */ = {isa = PBXFileReference; fileEncoding = 4; lastKnownFileType = sourcecode.c.h; path = Api.h; sourceTree = "<group>"; };
		5F03E9DC1D581D8100607DB9 /* Color.h */ = {isa = PBXFileReference; fileEncoding = 4; lastKnownFileType = sourcecode.c.h; path = Color.h; sourceTree = "<group>"; };
		5F03E9DD1D581D8100607DB9 /* Global.h */ = {isa = PBXFileReference; fileEncoding = 4; lastKnownFileType = sourcecode.c.h; path = Global.h; sourceTree = "<group>"; };
		5F03E9DE1D581D8100607DB9 /* Macro.h */ = {isa = PBXFileReference; fileEncoding = 4; lastKnownFileType = sourcecode.c.h; path = Macro.h; sourceTree = "<group>"; };
		5F03E9DF1D581D8100607DB9 /* Notification.h */ = {isa = PBXFileReference; fileEncoding = 4; lastKnownFileType = sourcecode.c.h; path = Notification.h; sourceTree = "<group>"; };
		5F03E9E71D581D8100607DB9 /* DefaultModel.h */ = {isa = PBXFileReference; fileEncoding = 4; lastKnownFileType = sourcecode.c.h; path = DefaultModel.h; sourceTree = "<group>"; };
		5F03E9E81D581D8100607DB9 /* DefaultModel.m */ = {isa = PBXFileReference; fileEncoding = 4; lastKnownFileType = sourcecode.c.objc; path = DefaultModel.m; sourceTree = "<group>"; };
		5F03E9EA1D581D8100607DB9 /* NoticeContentModel.h */ = {isa = PBXFileReference; fileEncoding = 4; lastKnownFileType = sourcecode.c.h; path = NoticeContentModel.h; sourceTree = "<group>"; };
		5F03E9EB1D581D8100607DB9 /* NoticeContentModel.m */ = {isa = PBXFileReference; fileEncoding = 4; lastKnownFileType = sourcecode.c.objc; path = NoticeContentModel.m; sourceTree = "<group>"; };
		5F03E9EC1D581D8100607DB9 /* NoticeListModel.h */ = {isa = PBXFileReference; fileEncoding = 4; lastKnownFileType = sourcecode.c.h; path = NoticeListModel.h; sourceTree = "<group>"; };
		5F03E9ED1D581D8100607DB9 /* NoticeListModel.m */ = {isa = PBXFileReference; fileEncoding = 4; lastKnownFileType = sourcecode.c.objc; path = NoticeListModel.m; sourceTree = "<group>"; };
		5F03E9EF1D581D8100607DB9 /* ProblemContentModel.h */ = {isa = PBXFileReference; fileEncoding = 4; lastKnownFileType = sourcecode.c.h; path = ProblemContentModel.h; sourceTree = "<group>"; };
		5F03E9F01D581D8100607DB9 /* ProblemContentModel.m */ = {isa = PBXFileReference; fileEncoding = 4; lastKnownFileType = sourcecode.c.objc; path = ProblemContentModel.m; sourceTree = "<group>"; };
		5F03E9F11D581D8100607DB9 /* ProblemListModel.h */ = {isa = PBXFileReference; fileEncoding = 4; lastKnownFileType = sourcecode.c.h; path = ProblemListModel.h; sourceTree = "<group>"; };
		5F03E9F21D581D8100607DB9 /* ProblemListModel.m */ = {isa = PBXFileReference; fileEncoding = 4; lastKnownFileType = sourcecode.c.objc; path = ProblemListModel.m; sourceTree = "<group>"; };
		5F03E9F41D581D8100607DB9 /* UserModel.h */ = {isa = PBXFileReference; fileEncoding = 4; lastKnownFileType = sourcecode.c.h; path = UserModel.h; sourceTree = "<group>"; };
		5F03E9F51D581D8100607DB9 /* UserModel.m */ = {isa = PBXFileReference; fileEncoding = 4; lastKnownFileType = sourcecode.c.objc; path = UserModel.m; sourceTree = "<group>"; };
		5F03EA041D58224D00607DB9 /* MainViewController.h */ = {isa = PBXFileReference; fileEncoding = 4; lastKnownFileType = sourcecode.c.h; path = MainViewController.h; sourceTree = "<group>"; };
		5F03EA051D58224D00607DB9 /* MainViewController.m */ = {isa = PBXFileReference; fileEncoding = 4; lastKnownFileType = sourcecode.c.objc; path = MainViewController.m; sourceTree = "<group>"; };
		5F03EA0B1D58243300607DB9 /* NoticeMainViewController.h */ = {isa = PBXFileReference; fileEncoding = 4; lastKnownFileType = sourcecode.c.h; path = NoticeMainViewController.h; sourceTree = "<group>"; };
		5F03EA0C1D58243300607DB9 /* NoticeMainViewController.m */ = {isa = PBXFileReference; fileEncoding = 4; lastKnownFileType = sourcecode.c.objc; path = NoticeMainViewController.m; sourceTree = "<group>"; };
		5F03EA0E1D58244700607DB9 /* ProblemMainViewController.h */ = {isa = PBXFileReference; fileEncoding = 4; lastKnownFileType = sourcecode.c.h; path = ProblemMainViewController.h; sourceTree = "<group>"; };
		5F03EA0F1D58244700607DB9 /* ProblemMainViewController.m */ = {isa = PBXFileReference; fileEncoding = 4; lastKnownFileType = sourcecode.c.objc; path = ProblemMainViewController.m; sourceTree = "<group>"; };
		5F03EA111D58245B00607DB9 /* UserMainViewController.h */ = {isa = PBXFileReference; fileEncoding = 4; lastKnownFileType = sourcecode.c.h; path = UserMainViewController.h; sourceTree = "<group>"; };
		5F03EA121D58245B00607DB9 /* UserMainViewController.m */ = {isa = PBXFileReference; fileEncoding = 4; lastKnownFileType = sourcecode.c.objc; path = UserMainViewController.m; sourceTree = "<group>"; };
		5F03EA141D58246E00607DB9 /* ContestMainViewController.h */ = {isa = PBXFileReference; fileEncoding = 4; lastKnownFileType = sourcecode.c.h; path = ContestMainViewController.h; sourceTree = "<group>"; };
		5F03EA151D58246E00607DB9 /* ContestMainViewController.m */ = {isa = PBXFileReference; fileEncoding = 4; lastKnownFileType = sourcecode.c.objc; path = ContestMainViewController.m; sourceTree = "<group>"; };
		5F7E4D441D58829C00E9D4C8 /* NoticeContentViewController.h */ = {isa = PBXFileReference; fileEncoding = 4; lastKnownFileType = sourcecode.c.h; path = NoticeContentViewController.h; sourceTree = "<group>"; };
		5F7E4D451D58829C00E9D4C8 /* NoticeContentViewController.m */ = {isa = PBXFileReference; fileEncoding = 4; lastKnownFileType = sourcecode.c.objc; path = NoticeContentViewController.m; sourceTree = "<group>"; };
		5F7E4D471D588DF700E9D4C8 /* DefaultSplitDetailLogoViewController.h */ = {isa = PBXFileReference; fileEncoding = 4; lastKnownFileType = sourcecode.c.h; path = DefaultSplitDetailLogoViewController.h; sourceTree = "<group>"; };
		5F7E4D481D588DF700E9D4C8 /* DefaultSplitDetailLogoViewController.m */ = {isa = PBXFileReference; fileEncoding = 4; lastKnownFileType = sourcecode.c.objc; path = DefaultSplitDetailLogoViewController.m; sourceTree = "<group>"; };
		5F7E4D4A1D58B6A300E9D4C8 /* ProblemSplitMasterViewController.h */ = {isa = PBXFileReference; fileEncoding = 4; lastKnownFileType = sourcecode.c.h; path = ProblemSplitMasterViewController.h; sourceTree = "<group>"; };
		5F7E4D4B1D58B6A300E9D4C8 /* ProblemSplitMasterViewController.m */ = {isa = PBXFileReference; fileEncoding = 4; lastKnownFileType = sourcecode.c.objc; path = ProblemSplitMasterViewController.m; sourceTree = "<group>"; };
		5F7E4D4D1D58B6F900E9D4C8 /* ProblemListViewController.h */ = {isa = PBXFileReference; fileEncoding = 4; lastKnownFileType = sourcecode.c.h; path = ProblemListViewController.h; sourceTree = "<group>"; };
		5F7E4D4E1D58B6F900E9D4C8 /* ProblemListViewController.m */ = {isa = PBXFileReference; fileEncoding = 4; lastKnownFileType = sourcecode.c.objc; path = ProblemListViewController.m; sourceTree = "<group>"; };
		5F7E4D501D58B80100E9D4C8 /* ProblemSplitDetailViewController.h */ = {isa = PBXFileReference; fileEncoding = 4; lastKnownFileType = sourcecode.c.h; path = ProblemSplitDetailViewController.h; sourceTree = "<group>"; };
		5F7E4D511D58B80100E9D4C8 /* ProblemSplitDetailViewController.m */ = {isa = PBXFileReference; fileEncoding = 4; lastKnownFileType = sourcecode.c.objc; path = ProblemSplitDetailViewController.m; sourceTree = "<group>"; };
		5F7E4D531D58B84500E9D4C8 /* ProblemContentViewController.h */ = {isa = PBXFileReference; fileEncoding = 4; lastKnownFileType = sourcecode.c.h; path = ProblemContentViewController.h; sourceTree = "<group>"; };
		5F7E4D541D58B84500E9D4C8 /* ProblemContentViewController.m */ = {isa = PBXFileReference; fileEncoding = 4; lastKnownFileType = sourcecode.c.objc; path = ProblemContentViewController.m; sourceTree = "<group>"; };
		5F7E4D561D58B8FB00E9D4C8 /* ProblemListTableViewCell.h */ = {isa = PBXFileReference; fileEncoding = 4; lastKnownFileType = sourcecode.c.h; path = ProblemListTableViewCell.h; sourceTree = "<group>"; };
		5F7E4D571D58B8FB00E9D4C8 /* ProblemListTableViewCell.m */ = {isa = PBXFileReference; fileEncoding = 4; lastKnownFileType = sourcecode.c.objc; path = ProblemListTableViewCell.m; sourceTree = "<group>"; };
		5F7E4D591D596C9D00E9D4C8 /* ContestSplitMasterViewController.h */ = {isa = PBXFileReference; fileEncoding = 4; lastKnownFileType = sourcecode.c.h; path = ContestSplitMasterViewController.h; sourceTree = "<group>"; };
		5F7E4D5A1D596C9D00E9D4C8 /* ContestSplitMasterViewController.m */ = {isa = PBXFileReference; fileEncoding = 4; lastKnownFileType = sourcecode.c.objc; path = ContestSplitMasterViewController.m; sourceTree = "<group>"; };
		5F7E4D5C1D596CCB00E9D4C8 /* ContestListViewController.h */ = {isa = PBXFileReference; fileEncoding = 4; lastKnownFileType = sourcecode.c.h; path = ContestListViewController.h; sourceTree = "<group>"; };
		5F7E4D5D1D596CCB00E9D4C8 /* ContestListViewController.m */ = {isa = PBXFileReference; fileEncoding = 4; lastKnownFileType = sourcecode.c.objc; path = ContestListViewController.m; sourceTree = "<group>"; };
		5F7E4D5F1D596D5100E9D4C8 /* ContestSplitDetailViewController.h */ = {isa = PBXFileReference; fileEncoding = 4; lastKnownFileType = sourcecode.c.h; path = ContestSplitDetailViewController.h; sourceTree = "<group>"; };
		5F7E4D601D596D5100E9D4C8 /* ContestSplitDetailViewController.m */ = {isa = PBXFileReference; fileEncoding = 4; lastKnownFileType = sourcecode.c.objc; path = ContestSplitDetailViewController.m; sourceTree = "<group>"; };
		5F7E4D621D596D9F00E9D4C8 /* ContestContentViewController.h */ = {isa = PBXFileReference; fileEncoding = 4; lastKnownFileType = sourcecode.c.h; path = ContestContentViewController.h; sourceTree = "<group>"; };
		5F7E4D631D596D9F00E9D4C8 /* ContestContentViewController.m */ = {isa = PBXFileReference; fileEncoding = 4; lastKnownFileType = sourcecode.c.objc; path = ContestContentViewController.m; sourceTree = "<group>"; };
		5F7E4D681D596F3300E9D4C8 /* ContestListModel.h */ = {isa = PBXFileReference; fileEncoding = 4; lastKnownFileType = sourcecode.c.h; path = ContestListModel.h; sourceTree = "<group>"; };
		5F7E4D691D596F3300E9D4C8 /* ContestListModel.m */ = {isa = PBXFileReference; fileEncoding = 4; lastKnownFileType = sourcecode.c.objc; path = ContestListModel.m; sourceTree = "<group>"; };
		5F7E4D6C1D596F8000E9D4C8 /* ContestListTableViewCell.h */ = {isa = PBXFileReference; fileEncoding = 4; lastKnownFileType = sourcecode.c.h; path = ContestListTableViewCell.h; sourceTree = "<group>"; };
		5F7E4D6D1D596F8000E9D4C8 /* ContestListTableViewCell.m */ = {isa = PBXFileReference; fileEncoding = 4; lastKnownFileType = sourcecode.c.objc; path = ContestListTableViewCell.m; sourceTree = "<group>"; };
		5F7E4D6F1D59709E00E9D4C8 /* ContestContentModel.h */ = {isa = PBXFileReference; fileEncoding = 4; lastKnownFileType = sourcecode.c.h; path = ContestContentModel.h; sourceTree = "<group>"; };
		5F7E4D701D59709E00E9D4C8 /* ContestContentModel.m */ = {isa = PBXFileReference; fileEncoding = 4; lastKnownFileType = sourcecode.c.objc; path = ContestContentModel.m; sourceTree = "<group>"; };
		5FE468171D5850CE0050636D /* NoticeSplitMasterViewController.h */ = {isa = PBXFileReference; fileEncoding = 4; lastKnownFileType = sourcecode.c.h; path = NoticeSplitMasterViewController.h; sourceTree = "<group>"; };
		5FE468181D5850CE0050636D /* NoticeSplitMasterViewController.m */ = {isa = PBXFileReference; fileEncoding = 4; lastKnownFileType = sourcecode.c.objc; path = NoticeSplitMasterViewController.m; sourceTree = "<group>"; };
		5FE4681B1D5851630050636D /* DefaultNavigationController.h */ = {isa = PBXFileReference; fileEncoding = 4; lastKnownFileType = sourcecode.c.h; path = DefaultNavigationController.h; sourceTree = "<group>"; };
		5FE4681C1D5851630050636D /* DefaultNavigationController.m */ = {isa = PBXFileReference; fileEncoding = 4; lastKnownFileType = sourcecode.c.objc; path = DefaultNavigationController.m; sourceTree = "<group>"; };
		5FE4681E1D5852E20050636D /* NoticeListViewController.h */ = {isa = PBXFileReference; fileEncoding = 4; lastKnownFileType = sourcecode.c.h; path = NoticeListViewController.h; sourceTree = "<group>"; };
		5FE4681F1D5852E20050636D /* NoticeListViewController.m */ = {isa = PBXFileReference; fileEncoding = 4; lastKnownFileType = sourcecode.c.objc; path = NoticeListViewController.m; sourceTree = "<group>"; };
		5FE468211D5853EE0050636D /* DefaultSplitViewController.h */ = {isa = PBXFileReference; fileEncoding = 4; lastKnownFileType = sourcecode.c.h; path = DefaultSplitViewController.h; sourceTree = "<group>"; };
		5FE468221D5853EE0050636D /* DefaultSplitViewController.m */ = {isa = PBXFileReference; fileEncoding = 4; lastKnownFileType = sourcecode.c.objc; path = DefaultSplitViewController.m; sourceTree = "<group>"; };
		5FE468251D585FD80050636D /* DefaultTableViewCell.h */ = {isa = PBXFileReference; fileEncoding = 4; lastKnownFileType = sourcecode.c.h; path = DefaultTableViewCell.h; sourceTree = "<group>"; };
		5FE468261D585FD80050636D /* DefaultTableViewCell.m */ = {isa = PBXFileReference; fileEncoding = 4; lastKnownFileType = sourcecode.c.objc; path = DefaultTableViewCell.m; sourceTree = "<group>"; };
		5FE468281D58606D0050636D /* NoticeListTableViewCell.h */ = {isa = PBXFileReference; fileEncoding = 4; lastKnownFileType = sourcecode.c.h; path = NoticeListTableViewCell.h; sourceTree = "<group>"; };
		5FE468291D58606D0050636D /* NoticeListTableViewCell.m */ = {isa = PBXFileReference; fileEncoding = 4; lastKnownFileType = sourcecode.c.objc; path = NoticeListTableViewCell.m; sourceTree = "<group>"; };
		5FE4682B1D5875310050636D /* NoticeSplitDetailViewController.h */ = {isa = PBXFileReference; fileEncoding = 4; lastKnownFileType = sourcecode.c.h; path = NoticeSplitDetailViewController.h; sourceTree = "<group>"; };
		5FE4682C1D5875310050636D /* NoticeSplitDetailViewController.m */ = {isa = PBXFileReference; fileEncoding = 4; lastKnownFileType = sourcecode.c.objc; path = NoticeSplitDetailViewController.m; sourceTree = "<group>"; };
		828531C7F2B08AAE033D8175 /* libPods-CDOJ-IOS.a */ = {isa = PBXFileReference; explicitFileType = archive.ar; includeInIndex = 0; path = "libPods-CDOJ-IOS.a"; sourceTree = BUILT_PRODUCTS_DIR; };
		AF74DD03BA03BACE62F68F3B /* Pods-CDOJ-IOS.debug.xcconfig */ = {isa = PBXFileReference; includeInIndex = 1; lastKnownFileType = text.xcconfig; name = "Pods-CDOJ-IOS.debug.xcconfig"; path = "Pods/Target Support Files/Pods-CDOJ-IOS/Pods-CDOJ-IOS.debug.xcconfig"; sourceTree = "<group>"; };
/* End PBXFileReference section */

/* Begin PBXFrameworksBuildPhase section */
		5F03E9B21D581A8200607DB9 /* Frameworks */ = {
			isa = PBXFrameworksBuildPhase;
			buildActionMask = 2147483647;
			files = (
				A9065B2ED07282106038CCAB /* libPods-CDOJ-IOS.a in Frameworks */,
			);
			runOnlyForDeploymentPostprocessing = 0;
		};
/* End PBXFrameworksBuildPhase section */

/* Begin PBXGroup section */
		42BCF5DDEE9EF0907C5D41DB /* Pods */ = {
			isa = PBXGroup;
			children = (
				AF74DD03BA03BACE62F68F3B /* Pods-CDOJ-IOS.debug.xcconfig */,
				0EE474F261EDAF2BBFD28F4E /* Pods-CDOJ-IOS.release.xcconfig */,
			);
			name = Pods;
			sourceTree = "<group>";
		};
		5F03E9AC1D581A8200607DB9 = {
			isa = PBXGroup;
			children = (
				5F03E9B71D581A8200607DB9 /* CDOJ-IOS */,
				5F03E9B61D581A8200607DB9 /* Products */,
				42BCF5DDEE9EF0907C5D41DB /* Pods */,
				AC36B2153A8A58D5D717B681 /* Frameworks */,
			);
			sourceTree = "<group>";
		};
		5F03E9B61D581A8200607DB9 /* Products */ = {
			isa = PBXGroup;
			children = (
				5F03E9B51D581A8200607DB9 /* CDOJ-IOS.app */,
			);
			name = Products;
			sourceTree = "<group>";
		};
		5F03E9B71D581A8200607DB9 /* CDOJ-IOS */ = {
			isa = PBXGroup;
			children = (
				5F03E9D01D581D8100607DB9 /* Function */,
				5F03E9DA1D581D8100607DB9 /* Macro */,
				5F03E9E01D581D8100607DB9 /* Model */,
				5F03EA021D581F0900607DB9 /* View */,
				5F03EA031D581F0900607DB9 /* ViewController */,
				5F03E9C41D581A8200607DB9 /* Assets.xcassets */,
				5F03E9C91D581A8200607DB9 /* Info.plist */,
				5F03E9B81D581A8200607DB9 /* Supporting Files */,
			);
			path = "CDOJ-IOS";
			sourceTree = "<group>";
		};
		5F03E9B81D581A8200607DB9 /* Supporting Files */ = {
			isa = PBXGroup;
			children = (
				5F03E9B91D581A8200607DB9 /* main.m */,
				5F03E9BB1D581A8200607DB9 /* AppDelegate.h */,
				5F03E9BC1D581A8200607DB9 /* AppDelegate.m */,
			);
			name = "Supporting Files";
			sourceTree = "<group>";
		};
		5F03E9D01D581D8100607DB9 /* Function */ = {
			isa = PBXGroup;
			children = (
				5F03E9D11D581D8100607DB9 /* Function.h */,
				5F03E9D21D581D8100607DB9 /* HTTP.h */,
				5F03E9D31D581D8100607DB9 /* HTTP.m */,
				5F03E9D41D581D8100607DB9 /* Message.h */,
				5F03E9D51D581D8100607DB9 /* Message.m */,
				5F03E9D61D581D8100607DB9 /* Security.h */,
				5F03E9D71D581D8100607DB9 /* Security.m */,
				5F03E9D81D581D8100607DB9 /* Time.h */,
				5F03E9D91D581D8100607DB9 /* Time.m */,
			);
			path = Function;
			sourceTree = "<group>";
		};
		5F03E9DA1D581D8100607DB9 /* Macro */ = {
			isa = PBXGroup;
			children = (
				5F03E9DB1D581D8100607DB9 /* Api.h */,
				5F03E9DC1D581D8100607DB9 /* Color.h */,
				5F03E9DD1D581D8100607DB9 /* Global.h */,
				5F03E9DE1D581D8100607DB9 /* Macro.h */,
				5F03E9DF1D581D8100607DB9 /* Notification.h */,
			);
			path = Macro;
			sourceTree = "<group>";
		};
		5F03E9E01D581D8100607DB9 /* Model */ = {
			isa = PBXGroup;
			children = (
				5F7E4D651D596F3300E9D4C8 /* Contest */,
				5F03E9E61D581D8100607DB9 /* Default */,
				5F03E9E91D581D8100607DB9 /* Notice */,
				5F03E9EE1D581D8100607DB9 /* Problem */,
				5F03E9F31D581D8100607DB9 /* User */,
			);
			path = Model;
			sourceTree = "<group>";
		};
		5F03E9E61D581D8100607DB9 /* Default */ = {
			isa = PBXGroup;
			children = (
				5F03E9E71D581D8100607DB9 /* DefaultModel.h */,
				5F03E9E81D581D8100607DB9 /* DefaultModel.m */,
			);
			path = Default;
			sourceTree = "<group>";
		};
		5F03E9E91D581D8100607DB9 /* Notice */ = {
			isa = PBXGroup;
			children = (
				5F03E9EA1D581D8100607DB9 /* NoticeContentModel.h */,
				5F03E9EB1D581D8100607DB9 /* NoticeContentModel.m */,
				5F03E9EC1D581D8100607DB9 /* NoticeListModel.h */,
				5F03E9ED1D581D8100607DB9 /* NoticeListModel.m */,
			);
			path = Notice;
			sourceTree = "<group>";
		};
		5F03E9EE1D581D8100607DB9 /* Problem */ = {
			isa = PBXGroup;
			children = (
				5F03E9EF1D581D8100607DB9 /* ProblemContentModel.h */,
				5F03E9F01D581D8100607DB9 /* ProblemContentModel.m */,
				5F03E9F11D581D8100607DB9 /* ProblemListModel.h */,
				5F03E9F21D581D8100607DB9 /* ProblemListModel.m */,
			);
			path = Problem;
			sourceTree = "<group>";
		};
		5F03E9F31D581D8100607DB9 /* User */ = {
			isa = PBXGroup;
			children = (
				5F03E9F41D581D8100607DB9 /* UserModel.h */,
				5F03E9F51D581D8100607DB9 /* UserModel.m */,
			);
			path = User;
			sourceTree = "<group>";
		};
		5F03EA021D581F0900607DB9 /* View */ = {
			isa = PBXGroup;
			children = (
				5FE468241D585FC20050636D /* TableView */,
			);
			path = View;
			sourceTree = "<group>";
		};
		5F03EA031D581F0900607DB9 /* ViewController */ = {
			isa = PBXGroup;
			children = (
				5FE4681A1D5851500050636D /* Default */,
				5F03EA071D58241700607DB9 /* Contest */,
				5F03EA081D58241700607DB9 /* Notice */,
				5F03EA091D58241700607DB9 /* Problem */,
				5F03EA0A1D58241700607DB9 /* User */,
				5F03EA041D58224D00607DB9 /* MainViewController.h */,
				5F03EA051D58224D00607DB9 /* MainViewController.m */,
			);
			path = ViewController;
			sourceTree = "<group>";
		};
		5F03EA071D58241700607DB9 /* Contest */ = {
			isa = PBXGroup;
			children = (
				5F03EA141D58246E00607DB9 /* ContestMainViewController.h */,
				5F03EA151D58246E00607DB9 /* ContestMainViewController.m */,
				5F7E4D591D596C9D00E9D4C8 /* ContestSplitMasterViewController.h */,
				5F7E4D5A1D596C9D00E9D4C8 /* ContestSplitMasterViewController.m */,
				5F7E4D5C1D596CCB00E9D4C8 /* ContestListViewController.h */,
				5F7E4D5D1D596CCB00E9D4C8 /* ContestListViewController.m */,
				5F7E4D5F1D596D5100E9D4C8 /* ContestSplitDetailViewController.h */,
				5F7E4D601D596D5100E9D4C8 /* ContestSplitDetailViewController.m */,
				5F7E4D621D596D9F00E9D4C8 /* ContestContentViewController.h */,
				5F7E4D631D596D9F00E9D4C8 /* ContestContentViewController.m */,
			);
			path = Contest;
			sourceTree = "<group>";
		};
		5F03EA081D58241700607DB9 /* Notice */ = {
			isa = PBXGroup;
			children = (
				5F03EA0B1D58243300607DB9 /* NoticeMainViewController.h */,
				5F03EA0C1D58243300607DB9 /* NoticeMainViewController.m */,
				5FE468171D5850CE0050636D /* NoticeSplitMasterViewController.h */,
				5FE468181D5850CE0050636D /* NoticeSplitMasterViewController.m */,
				5FE4681E1D5852E20050636D /* NoticeListViewController.h */,
				5FE4681F1D5852E20050636D /* NoticeListViewController.m */,
				5FE4682B1D5875310050636D /* NoticeSplitDetailViewController.h */,
				5FE4682C1D5875310050636D /* NoticeSplitDetailViewController.m */,
				5F7E4D441D58829C00E9D4C8 /* NoticeContentViewController.h */,
				5F7E4D451D58829C00E9D4C8 /* NoticeContentViewController.m */,
			);
			path = Notice;
			sourceTree = "<group>";
		};
		5F03EA091D58241700607DB9 /* Problem */ = {
			isa = PBXGroup;
			children = (
				5F03EA0E1D58244700607DB9 /* ProblemMainViewController.h */,
				5F03EA0F1D58244700607DB9 /* ProblemMainViewController.m */,
				5F7E4D4A1D58B6A300E9D4C8 /* ProblemSplitMasterViewController.h */,
				5F7E4D4B1D58B6A300E9D4C8 /* ProblemSplitMasterViewController.m */,
				5F7E4D4D1D58B6F900E9D4C8 /* ProblemListViewController.h */,
				5F7E4D4E1D58B6F900E9D4C8 /* ProblemListViewController.m */,
				5F7E4D501D58B80100E9D4C8 /* ProblemSplitDetailViewController.h */,
				5F7E4D511D58B80100E9D4C8 /* ProblemSplitDetailViewController.m */,
				5F7E4D531D58B84500E9D4C8 /* ProblemContentViewController.h */,
				5F7E4D541D58B84500E9D4C8 /* ProblemContentViewController.m */,
			);
			path = Problem;
			sourceTree = "<group>";
		};
		5F03EA0A1D58241700607DB9 /* User */ = {
			isa = PBXGroup;
			children = (
				5F03EA111D58245B00607DB9 /* UserMainViewController.h */,
				5F03EA121D58245B00607DB9 /* UserMainViewController.m */,
			);
			path = User;
			sourceTree = "<group>";
		};
		5F7E4D651D596F3300E9D4C8 /* Contest */ = {
			isa = PBXGroup;
			children = (
				5F7E4D6F1D59709E00E9D4C8 /* ContestContentModel.h */,
				5F7E4D701D59709E00E9D4C8 /* ContestContentModel.m */,
				5F7E4D681D596F3300E9D4C8 /* ContestListModel.h */,
				5F7E4D691D596F3300E9D4C8 /* ContestListModel.m */,
			);
			path = Contest;
			sourceTree = "<group>";
		};
		5FE4681A1D5851500050636D /* Default */ = {
			isa = PBXGroup;
			children = (
				5FE4681B1D5851630050636D /* DefaultNavigationController.h */,
				5FE4681C1D5851630050636D /* DefaultNavigationController.m */,
				5FE468211D5853EE0050636D /* DefaultSplitViewController.h */,
				5FE468221D5853EE0050636D /* DefaultSplitViewController.m */,
				5F7E4D471D588DF700E9D4C8 /* DefaultSplitDetailLogoViewController.h */,
				5F7E4D481D588DF700E9D4C8 /* DefaultSplitDetailLogoViewController.m */,
			);
			path = Default;
			sourceTree = "<group>";
		};
		5FE468241D585FC20050636D /* TableView */ = {
			isa = PBXGroup;
			children = (
				5FE468251D585FD80050636D /* DefaultTableViewCell.h */,
				5FE468261D585FD80050636D /* DefaultTableViewCell.m */,
				5FE468281D58606D0050636D /* NoticeListTableViewCell.h */,
				5FE468291D58606D0050636D /* NoticeListTableViewCell.m */,
				5F7E4D561D58B8FB00E9D4C8 /* ProblemListTableViewCell.h */,
				5F7E4D571D58B8FB00E9D4C8 /* ProblemListTableViewCell.m */,
				5F7E4D6C1D596F8000E9D4C8 /* ContestListTableViewCell.h */,
				5F7E4D6D1D596F8000E9D4C8 /* ContestListTableViewCell.m */,
			);
			path = TableView;
			sourceTree = "<group>";
		};
		AC36B2153A8A58D5D717B681 /* Frameworks */ = {
			isa = PBXGroup;
			children = (
				828531C7F2B08AAE033D8175 /* libPods-CDOJ-IOS.a */,
			);
			name = Frameworks;
			sourceTree = "<group>";
		};
/* End PBXGroup section */

/* Begin PBXNativeTarget section */
		5F03E9B41D581A8200607DB9 /* CDOJ-IOS */ = {
			isa = PBXNativeTarget;
			buildConfigurationList = 5F03E9CC1D581A8200607DB9 /* Build configuration list for PBXNativeTarget "CDOJ-IOS" */;
			buildPhases = (
				4DE6A3630BCB5BEC11403F3B /* [CP] Check Pods Manifest.lock */,
				5F03E9B11D581A8200607DB9 /* Sources */,
				5F03E9B21D581A8200607DB9 /* Frameworks */,
				5F03E9B31D581A8200607DB9 /* Resources */,
				80859AB957B7C3EA5B02E6C7 /* [CP] Embed Pods Frameworks */,
				7467259CB7A52F67583B5078 /* [CP] Copy Pods Resources */,
			);
			buildRules = (
			);
			dependencies = (
			);
			name = "CDOJ-IOS";
			productName = "CDOJ-IOS";
			productReference = 5F03E9B51D581A8200607DB9 /* CDOJ-IOS.app */;
			productType = "com.apple.product-type.application";
		};
/* End PBXNativeTarget section */

/* Begin PBXProject section */
		5F03E9AD1D581A8200607DB9 /* Project object */ = {
			isa = PBXProject;
			attributes = {
				LastUpgradeCheck = 0730;
				ORGANIZATIONNAME = "UESTCACM QKTeam";
				TargetAttributes = {
					5F03E9B41D581A8200607DB9 = {
						CreatedOnToolsVersion = 7.3.1;
						DevelopmentTeam = 9MKLJRJTT4;
					};
				};
			};
			buildConfigurationList = 5F03E9B01D581A8200607DB9 /* Build configuration list for PBXProject "CDOJ-IOS" */;
			compatibilityVersion = "Xcode 3.2";
			developmentRegion = English;
			hasScannedForEncodings = 0;
			knownRegions = (
				en,
				Base,
			);
			mainGroup = 5F03E9AC1D581A8200607DB9;
			productRefGroup = 5F03E9B61D581A8200607DB9 /* Products */;
			projectDirPath = "";
			projectRoot = "";
			targets = (
				5F03E9B41D581A8200607DB9 /* CDOJ-IOS */,
			);
		};
/* End PBXProject section */

/* Begin PBXResourcesBuildPhase section */
		5F03E9B31D581A8200607DB9 /* Resources */ = {
			isa = PBXResourcesBuildPhase;
			buildActionMask = 2147483647;
			files = (
				5F03E9C51D581A8200607DB9 /* Assets.xcassets in Resources */,
			);
			runOnlyForDeploymentPostprocessing = 0;
		};
/* End PBXResourcesBuildPhase section */

/* Begin PBXShellScriptBuildPhase section */
		4DE6A3630BCB5BEC11403F3B /* [CP] Check Pods Manifest.lock */ = {
			isa = PBXShellScriptBuildPhase;
			buildActionMask = 2147483647;
			files = (
			);
			inputPaths = (
			);
			name = "[CP] Check Pods Manifest.lock";
			outputPaths = (
			);
			runOnlyForDeploymentPostprocessing = 0;
			shellPath = /bin/sh;
			shellScript = "diff \"${PODS_ROOT}/../Podfile.lock\" \"${PODS_ROOT}/Manifest.lock\" > /dev/null\nif [[ $? != 0 ]] ; then\n    cat << EOM\nerror: The sandbox is not in sync with the Podfile.lock. Run 'pod install' or update your CocoaPods installation.\nEOM\n    exit 1\nfi\n";
			showEnvVarsInLog = 0;
		};
		7467259CB7A52F67583B5078 /* [CP] Copy Pods Resources */ = {
			isa = PBXShellScriptBuildPhase;
			buildActionMask = 2147483647;
			files = (
			);
			inputPaths = (
			);
			name = "[CP] Copy Pods Resources";
			outputPaths = (
			);
			runOnlyForDeploymentPostprocessing = 0;
			shellPath = /bin/sh;
			shellScript = "\"${SRCROOT}/Pods/Target Support Files/Pods-CDOJ-IOS/Pods-CDOJ-IOS-resources.sh\"\n";
			showEnvVarsInLog = 0;
		};
		80859AB957B7C3EA5B02E6C7 /* [CP] Embed Pods Frameworks */ = {
			isa = PBXShellScriptBuildPhase;
			buildActionMask = 2147483647;
			files = (
			);
			inputPaths = (
			);
			name = "[CP] Embed Pods Frameworks";
			outputPaths = (
			);
			runOnlyForDeploymentPostprocessing = 0;
			shellPath = /bin/sh;
			shellScript = "\"${SRCROOT}/Pods/Target Support Files/Pods-CDOJ-IOS/Pods-CDOJ-IOS-frameworks.sh\"\n";
			showEnvVarsInLog = 0;
		};
/* End PBXShellScriptBuildPhase section */

/* Begin PBXSourcesBuildPhase section */
		5F03E9B11D581A8200607DB9 /* Sources */ = {
			isa = PBXSourcesBuildPhase;
			buildActionMask = 2147483647;
			files = (
				5F7E4D581D58B8FB00E9D4C8 /* ProblemListTableViewCell.m in Sources */,
				5F7E4D4C1D58B6A300E9D4C8 /* ProblemSplitMasterViewController.m in Sources */,
				5F03EA131D58245B00607DB9 /* UserMainViewController.m in Sources */,
				5F03E9BD1D581A8200607DB9 /* AppDelegate.m in Sources */,
				5F03E9FD1D581D8100607DB9 /* NoticeContentModel.m in Sources */,
				5F7E4D551D58B84500E9D4C8 /* ProblemContentViewController.m in Sources */,
				5F03EA011D581D8100607DB9 /* UserModel.m in Sources */,
				5F7E4D611D596D5100E9D4C8 /* ContestSplitDetailViewController.m in Sources */,
				5FE468201D5852E20050636D /* NoticeListViewController.m in Sources */,
				5F03E9FC1D581D8100607DB9 /* DefaultModel.m in Sources */,
				5F03E9F71D581D8100607DB9 /* Message.m in Sources */,
				5F03EA101D58244700607DB9 /* ProblemMainViewController.m in Sources */,
				5FE468271D585FD80050636D /* DefaultTableViewCell.m in Sources */,
				5F03E9FF1D581D8100607DB9 /* ProblemContentModel.m in Sources */,
				5F03E9F91D581D8100607DB9 /* Time.m in Sources */,
				5FE4682A1D58606D0050636D /* NoticeListTableViewCell.m in Sources */,
				5F7E4D491D588DF700E9D4C8 /* DefaultSplitDetailLogoViewController.m in Sources */,
				5F7E4D641D596D9F00E9D4C8 /* ContestContentViewController.m in Sources */,
				5F03E9F61D581D8100607DB9 /* HTTP.m in Sources */,
				5F7E4D4F1D58B6F900E9D4C8 /* ProblemListViewController.m in Sources */,
				5FE468231D5853EE0050636D /* DefaultSplitViewController.m in Sources */,
				5FE468191D5850CE0050636D /* NoticeSplitMasterViewController.m in Sources */,
				5FE4682D1D5875310050636D /* NoticeSplitDetailViewController.m in Sources */,
				5F7E4D6B1D596F3300E9D4C8 /* ContestListModel.m in Sources */,
				5F03E9FE1D581D8100607DB9 /* NoticeListModel.m in Sources */,
				5F03EA001D581D8100607DB9 /* ProblemListModel.m in Sources */,
				5F03EA0D1D58243300607DB9 /* NoticeMainViewController.m in Sources */,
				5F03E9F81D581D8100607DB9 /* Security.m in Sources */,
				5FE4681D1D5851630050636D /* DefaultNavigationController.m in Sources */,
				5F7E4D521D58B80100E9D4C8 /* ProblemSplitDetailViewController.m in Sources */,
				5F03EA061D58224D00607DB9 /* MainViewController.m in Sources */,
				5F7E4D5B1D596C9D00E9D4C8 /* ContestSplitMasterViewController.m in Sources */,
				5F03E9BA1D581A8200607DB9 /* main.m in Sources */,
				5F7E4D6E1D596F8000E9D4C8 /* ContestListTableViewCell.m in Sources */,
				5F7E4D711D59709E00E9D4C8 /* ContestContentModel.m in Sources */,
				5F7E4D461D58829C00E9D4C8 /* NoticeContentViewController.m in Sources */,
				5F03EA161D58246E00607DB9 /* ContestMainViewController.m in Sources */,
				5F7E4D5E1D596CCB00E9D4C8 /* ContestListViewController.m in Sources */,
			);
			runOnlyForDeploymentPostprocessing = 0;
		};
/* End PBXSourcesBuildPhase section */

/* Begin XCBuildConfiguration section */
		5F03E9CA1D581A8200607DB9 /* Debug */ = {
			isa = XCBuildConfiguration;
			buildSettings = {
				ALWAYS_SEARCH_USER_PATHS = NO;
				CLANG_ANALYZER_NONNULL = YES;
				CLANG_CXX_LANGUAGE_STANDARD = "gnu++0x";
				CLANG_CXX_LIBRARY = "libc++";
				CLANG_ENABLE_MODULES = YES;
				CLANG_ENABLE_OBJC_ARC = YES;
				CLANG_WARN_BOOL_CONVERSION = YES;
				CLANG_WARN_CONSTANT_CONVERSION = YES;
				CLANG_WARN_DIRECT_OBJC_ISA_USAGE = YES_ERROR;
				CLANG_WARN_EMPTY_BODY = YES;
				CLANG_WARN_ENUM_CONVERSION = YES;
				CLANG_WARN_INT_CONVERSION = YES;
				CLANG_WARN_OBJC_ROOT_CLASS = YES_ERROR;
				CLANG_WARN_UNREACHABLE_CODE = YES;
				CLANG_WARN__DUPLICATE_METHOD_MATCH = YES;
				"CODE_SIGN_IDENTITY[sdk=iphoneos*]" = "iPhone Developer";
				COPY_PHASE_STRIP = NO;
				DEBUG_INFORMATION_FORMAT = dwarf;
				ENABLE_STRICT_OBJC_MSGSEND = YES;
				ENABLE_TESTABILITY = YES;
				GCC_C_LANGUAGE_STANDARD = gnu99;
				GCC_DYNAMIC_NO_PIC = NO;
				GCC_NO_COMMON_BLOCKS = YES;
				GCC_OPTIMIZATION_LEVEL = 0;
				GCC_PREPROCESSOR_DEFINITIONS = (
					"DEBUG=1",
					"$(inherited)",
				);
				GCC_WARN_64_TO_32_BIT_CONVERSION = YES;
				GCC_WARN_ABOUT_RETURN_TYPE = YES_ERROR;
				GCC_WARN_UNDECLARED_SELECTOR = YES;
				GCC_WARN_UNINITIALIZED_AUTOS = YES_AGGRESSIVE;
				GCC_WARN_UNUSED_FUNCTION = YES;
				GCC_WARN_UNUSED_VARIABLE = YES;
				IPHONEOS_DEPLOYMENT_TARGET = 9.3;
				MTL_ENABLE_DEBUG_INFO = YES;
				ONLY_ACTIVE_ARCH = YES;
				SDKROOT = iphoneos;
				TARGETED_DEVICE_FAMILY = "1,2";
			};
			name = Debug;
		};
		5F03E9CB1D581A8200607DB9 /* Release */ = {
			isa = XCBuildConfiguration;
			buildSettings = {
				ALWAYS_SEARCH_USER_PATHS = NO;
				CLANG_ANALYZER_NONNULL = YES;
				CLANG_CXX_LANGUAGE_STANDARD = "gnu++0x";
				CLANG_CXX_LIBRARY = "libc++";
				CLANG_ENABLE_MODULES = YES;
				CLANG_ENABLE_OBJC_ARC = YES;
				CLANG_WARN_BOOL_CONVERSION = YES;
				CLANG_WARN_CONSTANT_CONVERSION = YES;
				CLANG_WARN_DIRECT_OBJC_ISA_USAGE = YES_ERROR;
				CLANG_WARN_EMPTY_BODY = YES;
				CLANG_WARN_ENUM_CONVERSION = YES;
				CLANG_WARN_INT_CONVERSION = YES;
				CLANG_WARN_OBJC_ROOT_CLASS = YES_ERROR;
				CLANG_WARN_UNREACHABLE_CODE = YES;
				CLANG_WARN__DUPLICATE_METHOD_MATCH = YES;
				"CODE_SIGN_IDENTITY[sdk=iphoneos*]" = "iPhone Developer";
				COPY_PHASE_STRIP = NO;
				DEBUG_INFORMATION_FORMAT = "dwarf-with-dsym";
				ENABLE_NS_ASSERTIONS = NO;
				ENABLE_STRICT_OBJC_MSGSEND = YES;
				GCC_C_LANGUAGE_STANDARD = gnu99;
				GCC_NO_COMMON_BLOCKS = YES;
				GCC_WARN_64_TO_32_BIT_CONVERSION = YES;
				GCC_WARN_ABOUT_RETURN_TYPE = YES_ERROR;
				GCC_WARN_UNDECLARED_SELECTOR = YES;
				GCC_WARN_UNINITIALIZED_AUTOS = YES_AGGRESSIVE;
				GCC_WARN_UNUSED_FUNCTION = YES;
				GCC_WARN_UNUSED_VARIABLE = YES;
				IPHONEOS_DEPLOYMENT_TARGET = 9.3;
				MTL_ENABLE_DEBUG_INFO = NO;
				SDKROOT = iphoneos;
				TARGETED_DEVICE_FAMILY = "1,2";
				VALIDATE_PRODUCT = YES;
			};
			name = Release;
		};
		5F03E9CD1D581A8200607DB9 /* Debug */ = {
			isa = XCBuildConfiguration;
			baseConfigurationReference = AF74DD03BA03BACE62F68F3B /* Pods-CDOJ-IOS.debug.xcconfig */;
			buildSettings = {
				ASSETCATALOG_COMPILER_APPICON_NAME = AppIcon;
				ASSETCATALOG_COMPILER_LAUNCHIMAGE_NAME = LaunchImage;
				CODE_SIGN_IDENTITY = "iPhone Developer";
				"CODE_SIGN_IDENTITY[sdk=iphoneos*]" = "iPhone Developer";
				INFOPLIST_FILE = "CDOJ-IOS/Info.plist";
				LD_RUNPATH_SEARCH_PATHS = "$(inherited) @executable_path/Frameworks";
				PRODUCT_BUNDLE_IDENTIFIER = "cn.edu.uestc.acm.CDOJ-IOS";
				PRODUCT_NAME = "$(TARGET_NAME)";
				PROVISIONING_PROFILE = "";
			};
			name = Debug;
		};
		5F03E9CE1D581A8200607DB9 /* Release */ = {
			isa = XCBuildConfiguration;
			baseConfigurationReference = 0EE474F261EDAF2BBFD28F4E /* Pods-CDOJ-IOS.release.xcconfig */;
			buildSettings = {
				ASSETCATALOG_COMPILER_APPICON_NAME = AppIcon;
				ASSETCATALOG_COMPILER_LAUNCHIMAGE_NAME = LaunchImage;
				CODE_SIGN_IDENTITY = "iPhone Developer";
				"CODE_SIGN_IDENTITY[sdk=iphoneos*]" = "iPhone Developer";
				INFOPLIST_FILE = "CDOJ-IOS/Info.plist";
				LD_RUNPATH_SEARCH_PATHS = "$(inherited) @executable_path/Frameworks";
				PRODUCT_BUNDLE_IDENTIFIER = "cn.edu.uestc.acm.CDOJ-IOS";
				PRODUCT_NAME = "$(TARGET_NAME)";
				PROVISIONING_PROFILE = "";
			};
			name = Release;
		};
/* End XCBuildConfiguration section */

/* Begin XCConfigurationList section */
		5F03E9B01D581A8200607DB9 /* Build configuration list for PBXProject "CDOJ-IOS" */ = {
			isa = XCConfigurationList;
			buildConfigurations = (
				5F03E9CA1D581A8200607DB9 /* Debug */,
				5F03E9CB1D581A8200607DB9 /* Release */,
			);
			defaultConfigurationIsVisible = 0;
			defaultConfigurationName = Release;
		};
		5F03E9CC1D581A8200607DB9 /* Build configuration list for PBXNativeTarget "CDOJ-IOS" */ = {
			isa = XCConfigurationList;
			buildConfigurations = (
				5F03E9CD1D581A8200607DB9 /* Debug */,
				5F03E9CE1D581A8200607DB9 /* Release */,
			);
			defaultConfigurationIsVisible = 0;
			defaultConfigurationName = Release;
		};
/* End XCConfigurationList section */
	};
	rootObject = 5F03E9AD1D581A8200607DB9 /* Project object */;
}
