// !$*UTF8*$!
{
	archiveVersion = 1;
	classes = {
	};
	objectVersion = 46;
	objects = {

/* Begin PBXBuildFile section */
		5F03E9BA1D581A8200607DB9 /* main.m in Sources */ = {isa = PBXBuildFile; fileRef = 5F03E9B91D581A8200607DB9 /* main.m */; };
		5F03E9BD1D581A8200607DB9 /* AppDelegate.m in Sources */ = {isa = PBXBuildFile; fileRef = 5F03E9BC1D581A8200607DB9 /* AppDelegate.m */; };
		5F03E9C51D581A8200607DB9 /* Assets.xcassets in Resources */ = {isa = PBXBuildFile; fileRef = 5F03E9C41D581A8200607DB9 /* Assets.xcassets */; };
		5F03E9F61D581D8100607DB9 /* HTTP.m in Sources */ = {isa = PBXBuildFile; fileRef = 5F03E9D31D581D8100607DB9 /* HTTP.m */; };
		5F03E9F71D581D8100607DB9 /* Message.m in Sources */ = {isa = PBXBuildFile; fileRef = 5F03E9D51D581D8100607DB9 /* Message.m */; };
		5F03E9F81D581D8100607DB9 /* Security.m in Sources */ = {isa = PBXBuildFile; fileRef = 5F03E9D71D581D8100607DB9 /* Security.m */; };
		5F03E9F91D581D8100607DB9 /* Time.m in Sources */ = {isa = PBXBuildFile; fileRef = 5F03E9D91D581D8100607DB9 /* Time.m */; };
		5F03E9FC1D581D8100607DB9 /* DefaultModel.m in Sources */ = {isa = PBXBuildFile; fileRef = 5F03E9E81D581D8100607DB9 /* DefaultModel.m */; };
		5F03E9FF1D581D8100607DB9 /* ProblemContentModel.m in Sources */ = {isa = PBXBuildFile; fileRef = 5F03E9F01D581D8100607DB9 /* ProblemContentModel.m */; };
		5F03EA001D581D8100607DB9 /* ProblemListModel.m in Sources */ = {isa = PBXBuildFile; fileRef = 5F03E9F21D581D8100607DB9 /* ProblemListModel.m */; };
		5F03EA011D581D8100607DB9 /* UserModel.m in Sources */ = {isa = PBXBuildFile; fileRef = 5F03E9F51D581D8100607DB9 /* UserModel.m */; };
		5F03EA061D58224D00607DB9 /* MainViewController.m in Sources */ = {isa = PBXBuildFile; fileRef = 5F03EA051D58224D00607DB9 /* MainViewController.m */; };
		5F03EA0D1D58243300607DB9 /* NoticeMainViewController.m in Sources */ = {isa = PBXBuildFile; fileRef = 5F03EA0C1D58243300607DB9 /* NoticeMainViewController.m */; };
		5F03EA101D58244700607DB9 /* ProblemMainViewController.m in Sources */ = {isa = PBXBuildFile; fileRef = 5F03EA0F1D58244700607DB9 /* ProblemMainViewController.m */; };
		5F03EA131D58245B00607DB9 /* UserMainViewController.m in Sources */ = {isa = PBXBuildFile; fileRef = 5F03EA121D58245B00607DB9 /* UserMainViewController.m */; };
		5F03EA161D58246E00607DB9 /* ContestMainViewController.m in Sources */ = {isa = PBXBuildFile; fileRef = 5F03EA151D58246E00607DB9 /* ContestMainViewController.m */; };
		5F4B02F01D59A2CA00A531B3 /* DefaultPageController.m in Sources */ = {isa = PBXBuildFile; fileRef = 5F4B02EF1D59A2CA00A531B3 /* DefaultPageController.m */; };
		5F4B02F31D59A37D00A531B3 /* ProblemPageController.m in Sources */ = {isa = PBXBuildFile; fileRef = 5F4B02F21D59A37D00A531B3 /* ProblemPageController.m */; };
		5F4B02FB1D59C08900A531B3 /* ContestOverViewController.m in Sources */ = {isa = PBXBuildFile; fileRef = 5F4B02FA1D59C08900A531B3 /* ContestOverViewController.m */; };
		5F4B02FE1D59D87C00A531B3 /* UserSplitMasterViewController.m in Sources */ = {isa = PBXBuildFile; fileRef = 5F4B02FD1D59D87C00A531B3 /* UserSplitMasterViewController.m */; };
		5F4B03011D59D8CC00A531B3 /* UserSettingViewController.m in Sources */ = {isa = PBXBuildFile; fileRef = 5F4B03001D59D8CC00A531B3 /* UserSettingViewController.m */; };
		5F4B03071D59FBB000A531B3 /* DefaultViewController.m in Sources */ = {isa = PBXBuildFile; fileRef = 5F4B03061D59FBB000A531B3 /* DefaultViewController.m */; };
		5F4B030A1D59FC5600A531B3 /* AboutCDOJViewController.m in Sources */ = {isa = PBXBuildFile; fileRef = 5F4B03091D59FC5600A531B3 /* AboutCDOJViewController.m */; };
		5F4B030D1D5A04DD00A531B3 /* AccountManageViewController.m in Sources */ = {isa = PBXBuildFile; fileRef = 5F4B030C1D5A04DD00A531B3 /* AccountManageViewController.m */; };
		5F4B03131D5A085F00A531B3 /* LocalDataModel.m in Sources */ = {isa = PBXBuildFile; fileRef = 5F4B03121D5A085F00A531B3 /* LocalDataModel.m */; };
		5F7E4D491D588DF700E9D4C8 /* DefaultSplitDetailLogoViewController.m in Sources */ = {isa = PBXBuildFile; fileRef = 5F7E4D481D588DF700E9D4C8 /* DefaultSplitDetailLogoViewController.m */; };
		5F7E4D4C1D58B6A300E9D4C8 /* ProblemSplitMasterViewController.m in Sources */ = {isa = PBXBuildFile; fileRef = 5F7E4D4B1D58B6A300E9D4C8 /* ProblemSplitMasterViewController.m */; };
		5F7E4D4F1D58B6F900E9D4C8 /* ProblemListViewController.m in Sources */ = {isa = PBXBuildFile; fileRef = 5F7E4D4E1D58B6F900E9D4C8 /* ProblemListViewController.m */; };
		5F7E4D521D58B80100E9D4C8 /* ProblemSplitDetailViewController.m in Sources */ = {isa = PBXBuildFile; fileRef = 5F7E4D511D58B80100E9D4C8 /* ProblemSplitDetailViewController.m */; };
		5F7E4D551D58B84500E9D4C8 /* ProblemContentViewController.m in Sources */ = {isa = PBXBuildFile; fileRef = 5F7E4D541D58B84500E9D4C8 /* ProblemContentViewController.m */; };
		5F7E4D581D58B8FB00E9D4C8 /* ProblemListTableViewCell.m in Sources */ = {isa = PBXBuildFile; fileRef = 5F7E4D571D58B8FB00E9D4C8 /* ProblemListTableViewCell.m */; };
		5F7E4D5B1D596C9D00E9D4C8 /* ContestSplitMasterViewController.m in Sources */ = {isa = PBXBuildFile; fileRef = 5F7E4D5A1D596C9D00E9D4C8 /* ContestSplitMasterViewController.m */; };
		5F7E4D5E1D596CCB00E9D4C8 /* ContestListViewController.m in Sources */ = {isa = PBXBuildFile; fileRef = 5F7E4D5D1D596CCB00E9D4C8 /* ContestListViewController.m */; };
		5F7E4D611D596D5100E9D4C8 /* ContestSplitDetailViewController.m in Sources */ = {isa = PBXBuildFile; fileRef = 5F7E4D601D596D5100E9D4C8 /* ContestSplitDetailViewController.m */; };
		5F7E4D641D596D9F00E9D4C8 /* ContestContentViewController.m in Sources */ = {isa = PBXBuildFile; fileRef = 5F7E4D631D596D9F00E9D4C8 /* ContestContentViewController.m */; };
		5F7E4D6B1D596F3300E9D4C8 /* ContestListModel.m in Sources */ = {isa = PBXBuildFile; fileRef = 5F7E4D691D596F3300E9D4C8 /* ContestListModel.m */; };
		5F7E4D6E1D596F8000E9D4C8 /* ContestListTableViewCell.m in Sources */ = {isa = PBXBuildFile; fileRef = 5F7E4D6D1D596F8000E9D4C8 /* ContestListTableViewCell.m */; };
		5F7E4D711D59709E00E9D4C8 /* ContestContentModel.m in Sources */ = {isa = PBXBuildFile; fileRef = 5F7E4D701D59709E00E9D4C8 /* ContestContentModel.m */; };
		5FAF078E1D5C1693000CE6F6 /* LoginViewController.m in Sources */ = {isa = PBXBuildFile; fileRef = 5FAF078D1D5C1693000CE6F6 /* LoginViewController.m */; };
		5FAF07941D5C5A0E000CE6F6 /* DefaultDataListViewController.m in Sources */ = {isa = PBXBuildFile; fileRef = 5FAF07931D5C5A0E000CE6F6 /* DefaultDataListViewController.m */; };
		5FAF07A61D5C77DE000CE6F6 /* FeedbackViewController.m in Sources */ = {isa = PBXBuildFile; fileRef = 5FAF07A51D5C77DE000CE6F6 /* FeedbackViewController.m */; };
		5FAF07AA1D5C98DC000CE6F6 /* Launch Screen.storyboard in Resources */ = {isa = PBXBuildFile; fileRef = 5FAF07A91D5C98DC000CE6F6 /* Launch Screen.storyboard */; };
		5FAF07DF1D5DC8F9000CE6F6 /* DefaultListModel.m in Sources */ = {isa = PBXBuildFile; fileRef = 5FAF07DE1D5DC8F9000CE6F6 /* DefaultListModel.m */; };
		5FAF07E51D5E0393000CE6F6 /* ColorSchemeModel.m in Sources */ = {isa = PBXBuildFile; fileRef = 5FAF07E41D5E0393000CE6F6 /* ColorSchemeModel.m */; };
		5FB075DF1D697C59002C4730 /* StatusListModel.m in Sources */ = {isa = PBXBuildFile; fileRef = 5FB075DE1D697C59002C4730 /* StatusListModel.m */; };
		5FB075E21D697ED1002C4730 /* StatusContentModel.m in Sources */ = {isa = PBXBuildFile; fileRef = 5FB075E11D697ED1002C4730 /* StatusContentModel.m */; };
		5FB075E61D698310002C4730 /* StatusListViewController.m in Sources */ = {isa = PBXBuildFile; fileRef = 5FB075E51D698310002C4730 /* StatusListViewController.m */; };
		5FB075E91D6983D4002C4730 /* StatusListTableViewCell.m in Sources */ = {isa = PBXBuildFile; fileRef = 5FB075E81D6983D4002C4730 /* StatusListTableViewCell.m */; };
		5FB075EC1D6995E7002C4730 /* StatusContentViewController.m in Sources */ = {isa = PBXBuildFile; fileRef = 5FB075EB1D6995E7002C4730 /* StatusContentViewController.m */; };
		5FB075EF1D699EF4002C4730 /* CodeSubmitViewController.m in Sources */ = {isa = PBXBuildFile; fileRef = 5FB075EE1D699EF4002C4730 /* CodeSubmitViewController.m */; };
		5FB075F21D69A75D002C4730 /* CodeSubmitModel.m in Sources */ = {isa = PBXBuildFile; fileRef = 5FB075F11D69A75D002C4730 /* CodeSubmitModel.m */; };
		5FB075F81D6BE2F1002C4730 /* ArticleContentModel.m in Sources */ = {isa = PBXBuildFile; fileRef = 5FB075F51D6BE2F1002C4730 /* ArticleContentModel.m */; };
		5FB075F91D6BE2F1002C4730 /* ArticleListModel.m in Sources */ = {isa = PBXBuildFile; fileRef = 5FB075F71D6BE2F1002C4730 /* ArticleListModel.m */; };
		5FB075FC1D6BE565002C4730 /* ArticleContentViewController.m in Sources */ = {isa = PBXBuildFile; fileRef = 5FB075FB1D6BE565002C4730 /* ArticleContentViewController.m */; };
		5FB075FF1D6BE834002C4730 /* UserBlogListViewController.m in Sources */ = {isa = PBXBuildFile; fileRef = 5FB075FE1D6BE834002C4730 /* UserBlogListViewController.m */; };
		5FB076051D6BED88002C4730 /* ArticleListTableViewCell.m in Sources */ = {isa = PBXBuildFile; fileRef = 5FB076041D6BED88002C4730 /* ArticleListTableViewCell.m */; };
		5FB076081D6BEF1F002C4730 /* ContestClarificationViewController.m in Sources */ = {isa = PBXBuildFile; fileRef = 5FB076071D6BEF1F002C4730 /* ContestClarificationViewController.m */; };
		5FB0760B1D6BF03E002C4730 /* ContestClarificationListTableView.m in Sources */ = {isa = PBXBuildFile; fileRef = 5FB0760A1D6BF03E002C4730 /* ContestClarificationListTableView.m */; };
		5FB0760E1D6C07A9002C4730 /* ContestRankListViewController.m in Sources */ = {isa = PBXBuildFile; fileRef = 5FB0760D1D6C07A9002C4730 /* ContestRankListViewController.m */; };
		5FB076111D6C083A002C4730 /* ContestRankListModel.m in Sources */ = {isa = PBXBuildFile; fileRef = 5FB076101D6C083A002C4730 /* ContestRankListModel.m */; };
		5FB076141D6C0AE9002C4730 /* ContestRankListTableViewCell.m in Sources */ = {isa = PBXBuildFile; fileRef = 5FB076131D6C0AE9002C4730 /* ContestRankListTableViewCell.m */; };
		5FB5128F1D5F49ED00253B38 /* FAQViewController.m in Sources */ = {isa = PBXBuildFile; fileRef = 5FB5128E1D5F49ED00253B38 /* FAQViewController.m */; };
		5FB512921D5F4AC400253B38 /* StepByStepViewController.m in Sources */ = {isa = PBXBuildFile; fileRef = 5FB512911D5F4AC400253B38 /* StepByStepViewController.m */; };
		5FB512951D5F4B0D00253B38 /* TeamHornorViewController.m in Sources */ = {isa = PBXBuildFile; fileRef = 5FB512941D5F4B0D00253B38 /* TeamHornorViewController.m */; };
		5FB5129A1D5F4E7C00253B38 /* AccountListTableViewCell.m in Sources */ = {isa = PBXBuildFile; fileRef = 5FB512991D5F4E7C00253B38 /* AccountListTableViewCell.m */; };
		5FB512A31D6033A100253B38 /* ContestRegisterViewController.m in Sources */ = {isa = PBXBuildFile; fileRef = 5FB512A21D6033A100253B38 /* ContestRegisterViewController.m */; };
		5FB512A71D60494600253B38 /* RecentContestListTableViewCell.m in Sources */ = {isa = PBXBuildFile; fileRef = 5FB512A61D60494600253B38 /* RecentContestListTableViewCell.m */; };
		5FB512AA1D604D8F00253B38 /* RecentContestListViewController.m in Sources */ = {isa = PBXBuildFile; fileRef = 5FB512A91D604D8F00253B38 /* RecentContestListViewController.m */; };
		5FB512B11D60509F00253B38 /* RecentContestListModel.m in Sources */ = {isa = PBXBuildFile; fileRef = 5FB512B01D60509F00253B38 /* RecentContestListModel.m */; };
		5FB512BC1D6069A300253B38 /* DefaultTextField.m in Sources */ = {isa = PBXBuildFile; fileRef = 5FB512BB1D6069A300253B38 /* DefaultTextField.m */; };
		5FB512BF1D606BA200253B38 /* DefaultWebView.m in Sources */ = {isa = PBXBuildFile; fileRef = 5FB512BE1D606BA200253B38 /* DefaultWebView.m */; };
		5FB512C31D60865800253B38 /* TrainingRatingListModel.m in Sources */ = {isa = PBXBuildFile; fileRef = 5FB512C21D60865800253B38 /* TrainingRatingListModel.m */; };
		5FB512C61D6089A200253B38 /* TrainingRatingListViewController.m in Sources */ = {isa = PBXBuildFile; fileRef = 5FB512C51D6089A200253B38 /* TrainingRatingListViewController.m */; };
		5FB512C91D608C6D00253B38 /* TrainingRatingContentModel.m in Sources */ = {isa = PBXBuildFile; fileRef = 5FB512C81D608C6D00253B38 /* TrainingRatingContentModel.m */; };
		5FB512CF1D60928600253B38 /* TrainingRatingUserListViewController.m in Sources */ = {isa = PBXBuildFile; fileRef = 5FB512CE1D60928600253B38 /* TrainingRatingUserListViewController.m */; };
		5FB512D61D609F6600253B38 /* TrainingRatingUserListTableViewCell.m in Sources */ = {isa = PBXBuildFile; fileRef = 5FB512D51D609F6600253B38 /* TrainingRatingUserListTableViewCell.m */; };
		5FB513991D61F2C800253B38 /* TYPagerController.m in Sources */ = {isa = PBXBuildFile; fileRef = 5FB513911D61F2C800253B38 /* TYPagerController.m */; };
		5FB5139A1D61F2C800253B38 /* TYTabButtonPagerController.m in Sources */ = {isa = PBXBuildFile; fileRef = 5FB513931D61F2C800253B38 /* TYTabButtonPagerController.m */; };
		5FB5139B1D61F2C800253B38 /* TYTabPagerController.m in Sources */ = {isa = PBXBuildFile; fileRef = 5FB513951D61F2C800253B38 /* TYTabPagerController.m */; };
		5FB5139C1D61F2C800253B38 /* TYTabTitleViewCell.m in Sources */ = {isa = PBXBuildFile; fileRef = 5FB513981D61F2C800253B38 /* TYTabTitleViewCell.m */; };
		5FE468191D5850CE0050636D /* NoticeSplitMasterViewController.m in Sources */ = {isa = PBXBuildFile; fileRef = 5FE468181D5850CE0050636D /* NoticeSplitMasterViewController.m */; };
		5FE4681D1D5851630050636D /* DefaultNavigationController.m in Sources */ = {isa = PBXBuildFile; fileRef = 5FE4681C1D5851630050636D /* DefaultNavigationController.m */; };
		5FE468201D5852E20050636D /* NoticeListViewController.m in Sources */ = {isa = PBXBuildFile; fileRef = 5FE4681F1D5852E20050636D /* NoticeListViewController.m */; };
		5FE468231D5853EE0050636D /* DefaultSplitViewController.m in Sources */ = {isa = PBXBuildFile; fileRef = 5FE468221D5853EE0050636D /* DefaultSplitViewController.m */; };
		5FE468271D585FD80050636D /* DefaultTableViewCell.m in Sources */ = {isa = PBXBuildFile; fileRef = 5FE468261D585FD80050636D /* DefaultTableViewCell.m */; };
		5FE4682D1D5875310050636D /* NoticeSplitDetailViewController.m in Sources */ = {isa = PBXBuildFile; fileRef = 5FE4682C1D5875310050636D /* NoticeSplitDetailViewController.m */; };
		642ADCE63A7747EF364A58D3 /* libPods-CDOJ-IOS.a in Frameworks */ = {isa = PBXBuildFile; fileRef = 551FF3E10342B393AEF1D0EE /* libPods-CDOJ-IOS.a */; };
/* End PBXBuildFile section */

/* Begin PBXFileReference section */
		0EE474F261EDAF2BBFD28F4E /* Pods-CDOJ-IOS.release.xcconfig */ = {isa = PBXFileReference; includeInIndex = 1; lastKnownFileType = text.xcconfig; name = "Pods-CDOJ-IOS.release.xcconfig"; path = "Pods/Target Support Files/Pods-CDOJ-IOS/Pods-CDOJ-IOS.release.xcconfig"; sourceTree = "<group>"; };
		551FF3E10342B393AEF1D0EE /* libPods-CDOJ-IOS.a */ = {isa = PBXFileReference; explicitFileType = archive.ar; includeInIndex = 0; path = "libPods-CDOJ-IOS.a"; sourceTree = BUILT_PRODUCTS_DIR; };
		5F03E9B51D581A8200607DB9 /* CDOJ-IOS.app */ = {isa = PBXFileReference; explicitFileType = wrapper.application; includeInIndex = 0; path = "CDOJ-IOS.app"; sourceTree = BUILT_PRODUCTS_DIR; };
		5F03E9B91D581A8200607DB9 /* main.m */ = {isa = PBXFileReference; lastKnownFileType = sourcecode.c.objc; path = main.m; sourceTree = "<group>"; };
		5F03E9BB1D581A8200607DB9 /* AppDelegate.h */ = {isa = PBXFileReference; lastKnownFileType = sourcecode.c.h; path = AppDelegate.h; sourceTree = "<group>"; };
		5F03E9BC1D581A8200607DB9 /* AppDelegate.m */ = {isa = PBXFileReference; lastKnownFileType = sourcecode.c.objc; path = AppDelegate.m; sourceTree = "<group>"; };
		5F03E9C41D581A8200607DB9 /* Assets.xcassets */ = {isa = PBXFileReference; lastKnownFileType = folder.assetcatalog; path = Assets.xcassets; sourceTree = "<group>"; };
		5F03E9C91D581A8200607DB9 /* Info.plist */ = {isa = PBXFileReference; lastKnownFileType = text.plist.xml; path = Info.plist; sourceTree = "<group>"; };
		5F03E9D11D581D8100607DB9 /* Function.h */ = {isa = PBXFileReference; fileEncoding = 4; lastKnownFileType = sourcecode.c.h; path = Function.h; sourceTree = "<group>"; };
		5F03E9D21D581D8100607DB9 /* HTTP.h */ = {isa = PBXFileReference; fileEncoding = 4; lastKnownFileType = sourcecode.c.h; path = HTTP.h; sourceTree = "<group>"; };
		5F03E9D31D581D8100607DB9 /* HTTP.m */ = {isa = PBXFileReference; fileEncoding = 4; lastKnownFileType = sourcecode.c.objc; path = HTTP.m; sourceTree = "<group>"; };
		5F03E9D41D581D8100607DB9 /* Message.h */ = {isa = PBXFileReference; fileEncoding = 4; lastKnownFileType = sourcecode.c.h; path = Message.h; sourceTree = "<group>"; };
		5F03E9D51D581D8100607DB9 /* Message.m */ = {isa = PBXFileReference; fileEncoding = 4; lastKnownFileType = sourcecode.c.objc; path = Message.m; sourceTree = "<group>"; };
		5F03E9D61D581D8100607DB9 /* Security.h */ = {isa = PBXFileReference; fileEncoding = 4; lastKnownFileType = sourcecode.c.h; path = Security.h; sourceTree = "<group>"; };
		5F03E9D71D581D8100607DB9 /* Security.m */ = {isa = PBXFileReference; fileEncoding = 4; lastKnownFileType = sourcecode.c.objc; path = Security.m; sourceTree = "<group>"; };
		5F03E9D81D581D8100607DB9 /* Time.h */ = {isa = PBXFileReference; fileEncoding = 4; lastKnownFileType = sourcecode.c.h; path = Time.h; sourceTree = "<group>"; };
		5F03E9D91D581D8100607DB9 /* Time.m */ = {isa = PBXFileReference; fileEncoding = 4; lastKnownFileType = sourcecode.c.objc; path = Time.m; sourceTree = "<group>"; };
		5F03E9DB1D581D8100607DB9 /* Api.h */ = {isa = PBXFileReference; fileEncoding = 4; lastKnownFileType = sourcecode.c.h; path = Api.h; sourceTree = "<group>"; };
		5F03E9DC1D581D8100607DB9 /* Color.h */ = {isa = PBXFileReference; fileEncoding = 4; lastKnownFileType = sourcecode.c.h; path = Color.h; sourceTree = "<group>"; };
		5F03E9DD1D581D8100607DB9 /* Global.h */ = {isa = PBXFileReference; fileEncoding = 4; lastKnownFileType = sourcecode.c.h; path = Global.h; sourceTree = "<group>"; };
		5F03E9DE1D581D8100607DB9 /* Macro.h */ = {isa = PBXFileReference; fileEncoding = 4; lastKnownFileType = sourcecode.c.h; path = Macro.h; sourceTree = "<group>"; };
		5F03E9DF1D581D8100607DB9 /* Notification.h */ = {isa = PBXFileReference; fileEncoding = 4; lastKnownFileType = sourcecode.c.h; path = Notification.h; sourceTree = "<group>"; };
		5F03E9E71D581D8100607DB9 /* DefaultModel.h */ = {isa = PBXFileReference; fileEncoding = 4; lastKnownFileType = sourcecode.c.h; path = DefaultModel.h; sourceTree = "<group>"; };
		5F03E9E81D581D8100607DB9 /* DefaultModel.m */ = {isa = PBXFileReference; fileEncoding = 4; lastKnownFileType = sourcecode.c.objc; path = DefaultModel.m; sourceTree = "<group>"; };
		5F03E9EF1D581D8100607DB9 /* ProblemContentModel.h */ = {isa = PBXFileReference; fileEncoding = 4; lastKnownFileType = sourcecode.c.h; path = ProblemContentModel.h; sourceTree = "<group>"; };
		5F03E9F01D581D8100607DB9 /* ProblemContentModel.m */ = {isa = PBXFileReference; fileEncoding = 4; lastKnownFileType = sourcecode.c.objc; path = ProblemContentModel.m; sourceTree = "<group>"; };
		5F03E9F11D581D8100607DB9 /* ProblemListModel.h */ = {isa = PBXFileReference; fileEncoding = 4; lastKnownFileType = sourcecode.c.h; path = ProblemListModel.h; sourceTree = "<group>"; };
		5F03E9F21D581D8100607DB9 /* ProblemListModel.m */ = {isa = PBXFileReference; fileEncoding = 4; lastKnownFileType = sourcecode.c.objc; path = ProblemListModel.m; sourceTree = "<group>"; };
		5F03E9F41D581D8100607DB9 /* UserModel.h */ = {isa = PBXFileReference; fileEncoding = 4; lastKnownFileType = sourcecode.c.h; path = UserModel.h; sourceTree = "<group>"; };
		5F03E9F51D581D8100607DB9 /* UserModel.m */ = {isa = PBXFileReference; fileEncoding = 4; lastKnownFileType = sourcecode.c.objc; path = UserModel.m; sourceTree = "<group>"; };
		5F03EA041D58224D00607DB9 /* MainViewController.h */ = {isa = PBXFileReference; fileEncoding = 4; lastKnownFileType = sourcecode.c.h; path = MainViewController.h; sourceTree = "<group>"; };
		5F03EA051D58224D00607DB9 /* MainViewController.m */ = {isa = PBXFileReference; fileEncoding = 4; lastKnownFileType = sourcecode.c.objc; path = MainViewController.m; sourceTree = "<group>"; };
		5F03EA0B1D58243300607DB9 /* NoticeMainViewController.h */ = {isa = PBXFileReference; fileEncoding = 4; lastKnownFileType = sourcecode.c.h; path = NoticeMainViewController.h; sourceTree = "<group>"; };
		5F03EA0C1D58243300607DB9 /* NoticeMainViewController.m */ = {isa = PBXFileReference; fileEncoding = 4; lastKnownFileType = sourcecode.c.objc; path = NoticeMainViewController.m; sourceTree = "<group>"; };
		5F03EA0E1D58244700607DB9 /* ProblemMainViewController.h */ = {isa = PBXFileReference; fileEncoding = 4; lastKnownFileType = sourcecode.c.h; path = ProblemMainViewController.h; sourceTree = "<group>"; };
		5F03EA0F1D58244700607DB9 /* ProblemMainViewController.m */ = {isa = PBXFileReference; fileEncoding = 4; lastKnownFileType = sourcecode.c.objc; path = ProblemMainViewController.m; sourceTree = "<group>"; };
		5F03EA111D58245B00607DB9 /* UserMainViewController.h */ = {isa = PBXFileReference; fileEncoding = 4; lastKnownFileType = sourcecode.c.h; path = UserMainViewController.h; sourceTree = "<group>"; };
		5F03EA121D58245B00607DB9 /* UserMainViewController.m */ = {isa = PBXFileReference; fileEncoding = 4; lastKnownFileType = sourcecode.c.objc; path = UserMainViewController.m; sourceTree = "<group>"; };
		5F03EA141D58246E00607DB9 /* ContestMainViewController.h */ = {isa = PBXFileReference; fileEncoding = 4; lastKnownFileType = sourcecode.c.h; path = ContestMainViewController.h; sourceTree = "<group>"; };
		5F03EA151D58246E00607DB9 /* ContestMainViewController.m */ = {isa = PBXFileReference; fileEncoding = 4; lastKnownFileType = sourcecode.c.objc; path = ContestMainViewController.m; sourceTree = "<group>"; };
		5F4B02EE1D59A2CA00A531B3 /* DefaultPageController.h */ = {isa = PBXFileReference; fileEncoding = 4; lastKnownFileType = sourcecode.c.h; path = DefaultPageController.h; sourceTree = "<group>"; };
		5F4B02EF1D59A2CA00A531B3 /* DefaultPageController.m */ = {isa = PBXFileReference; fileEncoding = 4; lastKnownFileType = sourcecode.c.objc; path = DefaultPageController.m; sourceTree = "<group>"; };
		5F4B02F11D59A37D00A531B3 /* ProblemPageController.h */ = {isa = PBXFileReference; fileEncoding = 4; lastKnownFileType = sourcecode.c.h; path = ProblemPageController.h; sourceTree = "<group>"; };
		5F4B02F21D59A37D00A531B3 /* ProblemPageController.m */ = {isa = PBXFileReference; fileEncoding = 4; lastKnownFileType = sourcecode.c.objc; path = ProblemPageController.m; sourceTree = "<group>"; };
		5F4B02F91D59C08900A531B3 /* ContestOverViewController.h */ = {isa = PBXFileReference; fileEncoding = 4; lastKnownFileType = sourcecode.c.h; path = ContestOverViewController.h; sourceTree = "<group>"; };
		5F4B02FA1D59C08900A531B3 /* ContestOverViewController.m */ = {isa = PBXFileReference; fileEncoding = 4; lastKnownFileType = sourcecode.c.objc; path = ContestOverViewController.m; sourceTree = "<group>"; };
		5F4B02FC1D59D87C00A531B3 /* UserSplitMasterViewController.h */ = {isa = PBXFileReference; fileEncoding = 4; lastKnownFileType = sourcecode.c.h; path = UserSplitMasterViewController.h; sourceTree = "<group>"; };
		5F4B02FD1D59D87C00A531B3 /* UserSplitMasterViewController.m */ = {isa = PBXFileReference; fileEncoding = 4; lastKnownFileType = sourcecode.c.objc; path = UserSplitMasterViewController.m; sourceTree = "<group>"; };
		5F4B02FF1D59D8CC00A531B3 /* UserSettingViewController.h */ = {isa = PBXFileReference; fileEncoding = 4; lastKnownFileType = sourcecode.c.h; path = UserSettingViewController.h; sourceTree = "<group>"; };
		5F4B03001D59D8CC00A531B3 /* UserSettingViewController.m */ = {isa = PBXFileReference; fileEncoding = 4; lastKnownFileType = sourcecode.c.objc; path = UserSettingViewController.m; sourceTree = "<group>"; };
		5F4B03051D59FBB000A531B3 /* DefaultViewController.h */ = {isa = PBXFileReference; fileEncoding = 4; lastKnownFileType = sourcecode.c.h; path = DefaultViewController.h; sourceTree = "<group>"; };
		5F4B03061D59FBB000A531B3 /* DefaultViewController.m */ = {isa = PBXFileReference; fileEncoding = 4; lastKnownFileType = sourcecode.c.objc; path = DefaultViewController.m; sourceTree = "<group>"; };
		5F4B03081D59FC5600A531B3 /* AboutCDOJViewController.h */ = {isa = PBXFileReference; fileEncoding = 4; lastKnownFileType = sourcecode.c.h; path = AboutCDOJViewController.h; sourceTree = "<group>"; };
		5F4B03091D59FC5600A531B3 /* AboutCDOJViewController.m */ = {isa = PBXFileReference; fileEncoding = 4; lastKnownFileType = sourcecode.c.objc; path = AboutCDOJViewController.m; sourceTree = "<group>"; };
		5F4B030B1D5A04DD00A531B3 /* AccountManageViewController.h */ = {isa = PBXFileReference; fileEncoding = 4; lastKnownFileType = sourcecode.c.h; path = AccountManageViewController.h; sourceTree = "<group>"; };
		5F4B030C1D5A04DD00A531B3 /* AccountManageViewController.m */ = {isa = PBXFileReference; fileEncoding = 4; lastKnownFileType = sourcecode.c.objc; path = AccountManageViewController.m; sourceTree = "<group>"; };
		5F4B03111D5A085F00A531B3 /* LocalDataModel.h */ = {isa = PBXFileReference; fileEncoding = 4; lastKnownFileType = sourcecode.c.h; path = LocalDataModel.h; sourceTree = "<group>"; };
		5F4B03121D5A085F00A531B3 /* LocalDataModel.m */ = {isa = PBXFileReference; fileEncoding = 4; lastKnownFileType = sourcecode.c.objc; path = LocalDataModel.m; sourceTree = "<group>"; };
		5F7E4D471D588DF700E9D4C8 /* DefaultSplitDetailLogoViewController.h */ = {isa = PBXFileReference; fileEncoding = 4; lastKnownFileType = sourcecode.c.h; path = DefaultSplitDetailLogoViewController.h; sourceTree = "<group>"; };
		5F7E4D481D588DF700E9D4C8 /* DefaultSplitDetailLogoViewController.m */ = {isa = PBXFileReference; fileEncoding = 4; lastKnownFileType = sourcecode.c.objc; path = DefaultSplitDetailLogoViewController.m; sourceTree = "<group>"; };
		5F7E4D4A1D58B6A300E9D4C8 /* ProblemSplitMasterViewController.h */ = {isa = PBXFileReference; fileEncoding = 4; lastKnownFileType = sourcecode.c.h; path = ProblemSplitMasterViewController.h; sourceTree = "<group>"; };
		5F7E4D4B1D58B6A300E9D4C8 /* ProblemSplitMasterViewController.m */ = {isa = PBXFileReference; fileEncoding = 4; lastKnownFileType = sourcecode.c.objc; path = ProblemSplitMasterViewController.m; sourceTree = "<group>"; };
		5F7E4D4D1D58B6F900E9D4C8 /* ProblemListViewController.h */ = {isa = PBXFileReference; fileEncoding = 4; lastKnownFileType = sourcecode.c.h; path = ProblemListViewController.h; sourceTree = "<group>"; };
		5F7E4D4E1D58B6F900E9D4C8 /* ProblemListViewController.m */ = {isa = PBXFileReference; fileEncoding = 4; lastKnownFileType = sourcecode.c.objc; path = ProblemListViewController.m; sourceTree = "<group>"; };
		5F7E4D501D58B80100E9D4C8 /* ProblemSplitDetailViewController.h */ = {isa = PBXFileReference; fileEncoding = 4; lastKnownFileType = sourcecode.c.h; path = ProblemSplitDetailViewController.h; sourceTree = "<group>"; };
		5F7E4D511D58B80100E9D4C8 /* ProblemSplitDetailViewController.m */ = {isa = PBXFileReference; fileEncoding = 4; lastKnownFileType = sourcecode.c.objc; path = ProblemSplitDetailViewController.m; sourceTree = "<group>"; };
		5F7E4D531D58B84500E9D4C8 /* ProblemContentViewController.h */ = {isa = PBXFileReference; fileEncoding = 4; lastKnownFileType = sourcecode.c.h; path = ProblemContentViewController.h; sourceTree = "<group>"; };
		5F7E4D541D58B84500E9D4C8 /* ProblemContentViewController.m */ = {isa = PBXFileReference; fileEncoding = 4; lastKnownFileType = sourcecode.c.objc; path = ProblemContentViewController.m; sourceTree = "<group>"; };
		5F7E4D561D58B8FB00E9D4C8 /* ProblemListTableViewCell.h */ = {isa = PBXFileReference; fileEncoding = 4; lastKnownFileType = sourcecode.c.h; path = ProblemListTableViewCell.h; sourceTree = "<group>"; };
		5F7E4D571D58B8FB00E9D4C8 /* ProblemListTableViewCell.m */ = {isa = PBXFileReference; fileEncoding = 4; lastKnownFileType = sourcecode.c.objc; path = ProblemListTableViewCell.m; sourceTree = "<group>"; };
		5F7E4D591D596C9D00E9D4C8 /* ContestSplitMasterViewController.h */ = {isa = PBXFileReference; fileEncoding = 4; lastKnownFileType = sourcecode.c.h; path = ContestSplitMasterViewController.h; sourceTree = "<group>"; };
		5F7E4D5A1D596C9D00E9D4C8 /* ContestSplitMasterViewController.m */ = {isa = PBXFileReference; fileEncoding = 4; lastKnownFileType = sourcecode.c.objc; path = ContestSplitMasterViewController.m; sourceTree = "<group>"; };
		5F7E4D5C1D596CCB00E9D4C8 /* ContestListViewController.h */ = {isa = PBXFileReference; fileEncoding = 4; lastKnownFileType = sourcecode.c.h; path = ContestListViewController.h; sourceTree = "<group>"; };
		5F7E4D5D1D596CCB00E9D4C8 /* ContestListViewController.m */ = {isa = PBXFileReference; fileEncoding = 4; lastKnownFileType = sourcecode.c.objc; path = ContestListViewController.m; sourceTree = "<group>"; };
		5F7E4D5F1D596D5100E9D4C8 /* ContestSplitDetailViewController.h */ = {isa = PBXFileReference; fileEncoding = 4; lastKnownFileType = sourcecode.c.h; path = ContestSplitDetailViewController.h; sourceTree = "<group>"; };
		5F7E4D601D596D5100E9D4C8 /* ContestSplitDetailViewController.m */ = {isa = PBXFileReference; fileEncoding = 4; lastKnownFileType = sourcecode.c.objc; path = ContestSplitDetailViewController.m; sourceTree = "<group>"; };
		5F7E4D621D596D9F00E9D4C8 /* ContestContentViewController.h */ = {isa = PBXFileReference; fileEncoding = 4; lastKnownFileType = sourcecode.c.h; path = ContestContentViewController.h; sourceTree = "<group>"; };
		5F7E4D631D596D9F00E9D4C8 /* ContestContentViewController.m */ = {isa = PBXFileReference; fileEncoding = 4; lastKnownFileType = sourcecode.c.objc; path = ContestContentViewController.m; sourceTree = "<group>"; };
		5F7E4D681D596F3300E9D4C8 /* ContestListModel.h */ = {isa = PBXFileReference; fileEncoding = 4; lastKnownFileType = sourcecode.c.h; path = ContestListModel.h; sourceTree = "<group>"; };
		5F7E4D691D596F3300E9D4C8 /* ContestListModel.m */ = {isa = PBXFileReference; fileEncoding = 4; lastKnownFileType = sourcecode.c.objc; path = ContestListModel.m; sourceTree = "<group>"; };
		5F7E4D6C1D596F8000E9D4C8 /* ContestListTableViewCell.h */ = {isa = PBXFileReference; fileEncoding = 4; lastKnownFileType = sourcecode.c.h; path = ContestListTableViewCell.h; sourceTree = "<group>"; };
		5F7E4D6D1D596F8000E9D4C8 /* ContestListTableViewCell.m */ = {isa = PBXFileReference; fileEncoding = 4; lastKnownFileType = sourcecode.c.objc; path = ContestListTableViewCell.m; sourceTree = "<group>"; };
		5F7E4D6F1D59709E00E9D4C8 /* ContestContentModel.h */ = {isa = PBXFileReference; fileEncoding = 4; lastKnownFileType = sourcecode.c.h; path = ContestContentModel.h; sourceTree = "<group>"; };
		5F7E4D701D59709E00E9D4C8 /* ContestContentModel.m */ = {isa = PBXFileReference; fileEncoding = 4; lastKnownFileType = sourcecode.c.objc; path = ContestContentModel.m; sourceTree = "<group>"; };
		5FAF078C1D5C1693000CE6F6 /* LoginViewController.h */ = {isa = PBXFileReference; fileEncoding = 4; lastKnownFileType = sourcecode.c.h; path = LoginViewController.h; sourceTree = "<group>"; };
		5FAF078D1D5C1693000CE6F6 /* LoginViewController.m */ = {isa = PBXFileReference; fileEncoding = 4; lastKnownFileType = sourcecode.c.objc; path = LoginViewController.m; sourceTree = "<group>"; };
		5FAF07921D5C5A0E000CE6F6 /* DefaultDataListViewController.h */ = {isa = PBXFileReference; fileEncoding = 4; lastKnownFileType = sourcecode.c.h; path = DefaultDataListViewController.h; sourceTree = "<group>"; };
		5FAF07931D5C5A0E000CE6F6 /* DefaultDataListViewController.m */ = {isa = PBXFileReference; fileEncoding = 4; lastKnownFileType = sourcecode.c.objc; path = DefaultDataListViewController.m; sourceTree = "<group>"; };
		5FAF07A41D5C77DE000CE6F6 /* FeedbackViewController.h */ = {isa = PBXFileReference; fileEncoding = 4; lastKnownFileType = sourcecode.c.h; path = FeedbackViewController.h; sourceTree = "<group>"; };
		5FAF07A51D5C77DE000CE6F6 /* FeedbackViewController.m */ = {isa = PBXFileReference; fileEncoding = 4; lastKnownFileType = sourcecode.c.objc; path = FeedbackViewController.m; sourceTree = "<group>"; };
		5FAF07A91D5C98DC000CE6F6 /* Launch Screen.storyboard */ = {isa = PBXFileReference; fileEncoding = 4; lastKnownFileType = file.storyboard; path = "Launch Screen.storyboard"; sourceTree = "<group>"; };
		5FAF07DD1D5DC8F9000CE6F6 /* DefaultListModel.h */ = {isa = PBXFileReference; fileEncoding = 4; lastKnownFileType = sourcecode.c.h; path = DefaultListModel.h; sourceTree = "<group>"; };
		5FAF07DE1D5DC8F9000CE6F6 /* DefaultListModel.m */ = {isa = PBXFileReference; fileEncoding = 4; lastKnownFileType = sourcecode.c.objc; path = DefaultListModel.m; sourceTree = "<group>"; };
		5FAF07E31D5E0393000CE6F6 /* ColorSchemeModel.h */ = {isa = PBXFileReference; fileEncoding = 4; lastKnownFileType = sourcecode.c.h; path = ColorSchemeModel.h; sourceTree = "<group>"; };
		5FAF07E41D5E0393000CE6F6 /* ColorSchemeModel.m */ = {isa = PBXFileReference; fileEncoding = 4; lastKnownFileType = sourcecode.c.objc; path = ColorSchemeModel.m; sourceTree = "<group>"; };
		5FAF07E61D5ECD52000CE6F6 /* String.h */ = {isa = PBXFileReference; lastKnownFileType = sourcecode.c.h; path = String.h; sourceTree = "<group>"; };
		5FB075DD1D697C59002C4730 /* StatusListModel.h */ = {isa = PBXFileReference; fileEncoding = 4; lastKnownFileType = sourcecode.c.h; path = StatusListModel.h; sourceTree = "<group>"; };
		5FB075DE1D697C59002C4730 /* StatusListModel.m */ = {isa = PBXFileReference; fileEncoding = 4; lastKnownFileType = sourcecode.c.objc; path = StatusListModel.m; sourceTree = "<group>"; };
		5FB075E01D697ED1002C4730 /* StatusContentModel.h */ = {isa = PBXFileReference; fileEncoding = 4; lastKnownFileType = sourcecode.c.h; path = StatusContentModel.h; sourceTree = "<group>"; };
		5FB075E11D697ED1002C4730 /* StatusContentModel.m */ = {isa = PBXFileReference; fileEncoding = 4; lastKnownFileType = sourcecode.c.objc; path = StatusContentModel.m; sourceTree = "<group>"; };
		5FB075E41D698310002C4730 /* StatusListViewController.h */ = {isa = PBXFileReference; fileEncoding = 4; lastKnownFileType = sourcecode.c.h; path = StatusListViewController.h; sourceTree = "<group>"; };
		5FB075E51D698310002C4730 /* StatusListViewController.m */ = {isa = PBXFileReference; fileEncoding = 4; lastKnownFileType = sourcecode.c.objc; path = StatusListViewController.m; sourceTree = "<group>"; };
		5FB075E71D6983D4002C4730 /* StatusListTableViewCell.h */ = {isa = PBXFileReference; fileEncoding = 4; lastKnownFileType = sourcecode.c.h; path = StatusListTableViewCell.h; sourceTree = "<group>"; };
		5FB075E81D6983D4002C4730 /* StatusListTableViewCell.m */ = {isa = PBXFileReference; fileEncoding = 4; lastKnownFileType = sourcecode.c.objc; path = StatusListTableViewCell.m; sourceTree = "<group>"; };
		5FB075EA1D6995E7002C4730 /* StatusContentViewController.h */ = {isa = PBXFileReference; fileEncoding = 4; lastKnownFileType = sourcecode.c.h; path = StatusContentViewController.h; sourceTree = "<group>"; };
		5FB075EB1D6995E7002C4730 /* StatusContentViewController.m */ = {isa = PBXFileReference; fileEncoding = 4; lastKnownFileType = sourcecode.c.objc; path = StatusContentViewController.m; sourceTree = "<group>"; };
		5FB075ED1D699EF4002C4730 /* CodeSubmitViewController.h */ = {isa = PBXFileReference; fileEncoding = 4; lastKnownFileType = sourcecode.c.h; path = CodeSubmitViewController.h; sourceTree = "<group>"; };
		5FB075EE1D699EF4002C4730 /* CodeSubmitViewController.m */ = {isa = PBXFileReference; fileEncoding = 4; lastKnownFileType = sourcecode.c.objc; path = CodeSubmitViewController.m; sourceTree = "<group>"; };
		5FB075F01D69A75D002C4730 /* CodeSubmitModel.h */ = {isa = PBXFileReference; fileEncoding = 4; lastKnownFileType = sourcecode.c.h; path = CodeSubmitModel.h; sourceTree = "<group>"; };
		5FB075F11D69A75D002C4730 /* CodeSubmitModel.m */ = {isa = PBXFileReference; fileEncoding = 4; lastKnownFileType = sourcecode.c.objc; path = CodeSubmitModel.m; sourceTree = "<group>"; };
		5FB075F41D6BE2F1002C4730 /* ArticleContentModel.h */ = {isa = PBXFileReference; fileEncoding = 4; lastKnownFileType = sourcecode.c.h; path = ArticleContentModel.h; sourceTree = "<group>"; };
		5FB075F51D6BE2F1002C4730 /* ArticleContentModel.m */ = {isa = PBXFileReference; fileEncoding = 4; lastKnownFileType = sourcecode.c.objc; path = ArticleContentModel.m; sourceTree = "<group>"; };
		5FB075F61D6BE2F1002C4730 /* ArticleListModel.h */ = {isa = PBXFileReference; fileEncoding = 4; lastKnownFileType = sourcecode.c.h; path = ArticleListModel.h; sourceTree = "<group>"; };
		5FB075F71D6BE2F1002C4730 /* ArticleListModel.m */ = {isa = PBXFileReference; fileEncoding = 4; lastKnownFileType = sourcecode.c.objc; path = ArticleListModel.m; sourceTree = "<group>"; };
		5FB075FA1D6BE565002C4730 /* ArticleContentViewController.h */ = {isa = PBXFileReference; fileEncoding = 4; lastKnownFileType = sourcecode.c.h; path = ArticleContentViewController.h; sourceTree = "<group>"; };
		5FB075FB1D6BE565002C4730 /* ArticleContentViewController.m */ = {isa = PBXFileReference; fileEncoding = 4; lastKnownFileType = sourcecode.c.objc; path = ArticleContentViewController.m; sourceTree = "<group>"; };
		5FB075FD1D6BE834002C4730 /* UserBlogListViewController.h */ = {isa = PBXFileReference; fileEncoding = 4; lastKnownFileType = sourcecode.c.h; path = UserBlogListViewController.h; sourceTree = "<group>"; };
		5FB075FE1D6BE834002C4730 /* UserBlogListViewController.m */ = {isa = PBXFileReference; fileEncoding = 4; lastKnownFileType = sourcecode.c.objc; path = UserBlogListViewController.m; sourceTree = "<group>"; };
		5FB076031D6BED88002C4730 /* ArticleListTableViewCell.h */ = {isa = PBXFileReference; fileEncoding = 4; lastKnownFileType = sourcecode.c.h; path = ArticleListTableViewCell.h; sourceTree = "<group>"; };
		5FB076041D6BED88002C4730 /* ArticleListTableViewCell.m */ = {isa = PBXFileReference; fileEncoding = 4; lastKnownFileType = sourcecode.c.objc; path = ArticleListTableViewCell.m; sourceTree = "<group>"; };
		5FB076061D6BEF1F002C4730 /* ContestClarificationViewController.h */ = {isa = PBXFileReference; fileEncoding = 4; lastKnownFileType = sourcecode.c.h; path = ContestClarificationViewController.h; sourceTree = "<group>"; };
		5FB076071D6BEF1F002C4730 /* ContestClarificationViewController.m */ = {isa = PBXFileReference; fileEncoding = 4; lastKnownFileType = sourcecode.c.objc; path = ContestClarificationViewController.m; sourceTree = "<group>"; };
		5FB076091D6BF03E002C4730 /* ContestClarificationListTableView.h */ = {isa = PBXFileReference; fileEncoding = 4; lastKnownFileType = sourcecode.c.h; path = ContestClarificationListTableView.h; sourceTree = "<group>"; };
		5FB0760A1D6BF03E002C4730 /* ContestClarificationListTableView.m */ = {isa = PBXFileReference; fileEncoding = 4; lastKnownFileType = sourcecode.c.objc; path = ContestClarificationListTableView.m; sourceTree = "<group>"; };
		5FB0760C1D6C07A9002C4730 /* ContestRankListViewController.h */ = {isa = PBXFileReference; fileEncoding = 4; lastKnownFileType = sourcecode.c.h; path = ContestRankListViewController.h; sourceTree = "<group>"; };
		5FB0760D1D6C07A9002C4730 /* ContestRankListViewController.m */ = {isa = PBXFileReference; fileEncoding = 4; lastKnownFileType = sourcecode.c.objc; path = ContestRankListViewController.m; sourceTree = "<group>"; };
		5FB0760F1D6C083A002C4730 /* ContestRankListModel.h */ = {isa = PBXFileReference; fileEncoding = 4; lastKnownFileType = sourcecode.c.h; path = ContestRankListModel.h; sourceTree = "<group>"; };
		5FB076101D6C083A002C4730 /* ContestRankListModel.m */ = {isa = PBXFileReference; fileEncoding = 4; lastKnownFileType = sourcecode.c.objc; path = ContestRankListModel.m; sourceTree = "<group>"; };
		5FB076121D6C0AE9002C4730 /* ContestRankListTableViewCell.h */ = {isa = PBXFileReference; fileEncoding = 4; lastKnownFileType = sourcecode.c.h; path = ContestRankListTableViewCell.h; sourceTree = "<group>"; };
		5FB076131D6C0AE9002C4730 /* ContestRankListTableViewCell.m */ = {isa = PBXFileReference; fileEncoding = 4; lastKnownFileType = sourcecode.c.objc; path = ContestRankListTableViewCell.m; sourceTree = "<group>"; };
		5FB5128D1D5F49ED00253B38 /* FAQViewController.h */ = {isa = PBXFileReference; fileEncoding = 4; lastKnownFileType = sourcecode.c.h; path = FAQViewController.h; sourceTree = "<group>"; };
		5FB5128E1D5F49ED00253B38 /* FAQViewController.m */ = {isa = PBXFileReference; fileEncoding = 4; lastKnownFileType = sourcecode.c.objc; path = FAQViewController.m; sourceTree = "<group>"; };
		5FB512901D5F4AC400253B38 /* StepByStepViewController.h */ = {isa = PBXFileReference; fileEncoding = 4; lastKnownFileType = sourcecode.c.h; path = StepByStepViewController.h; sourceTree = "<group>"; };
		5FB512911D5F4AC400253B38 /* StepByStepViewController.m */ = {isa = PBXFileReference; fileEncoding = 4; lastKnownFileType = sourcecode.c.objc; path = StepByStepViewController.m; sourceTree = "<group>"; };
		5FB512931D5F4B0D00253B38 /* TeamHornorViewController.h */ = {isa = PBXFileReference; fileEncoding = 4; lastKnownFileType = sourcecode.c.h; path = TeamHornorViewController.h; sourceTree = "<group>"; };
		5FB512941D5F4B0D00253B38 /* TeamHornorViewController.m */ = {isa = PBXFileReference; fileEncoding = 4; lastKnownFileType = sourcecode.c.objc; path = TeamHornorViewController.m; sourceTree = "<group>"; };
		5FB512981D5F4E7C00253B38 /* AccountListTableViewCell.h */ = {isa = PBXFileReference; fileEncoding = 4; lastKnownFileType = sourcecode.c.h; path = AccountListTableViewCell.h; sourceTree = "<group>"; };
		5FB512991D5F4E7C00253B38 /* AccountListTableViewCell.m */ = {isa = PBXFileReference; fileEncoding = 4; lastKnownFileType = sourcecode.c.objc; path = AccountListTableViewCell.m; sourceTree = "<group>"; };
		5FB512A11D6033A100253B38 /* ContestRegisterViewController.h */ = {isa = PBXFileReference; fileEncoding = 4; lastKnownFileType = sourcecode.c.h; path = ContestRegisterViewController.h; sourceTree = "<group>"; };
		5FB512A21D6033A100253B38 /* ContestRegisterViewController.m */ = {isa = PBXFileReference; fileEncoding = 4; lastKnownFileType = sourcecode.c.objc; path = ContestRegisterViewController.m; sourceTree = "<group>"; };
		5FB512A51D60494600253B38 /* RecentContestListTableViewCell.h */ = {isa = PBXFileReference; fileEncoding = 4; lastKnownFileType = sourcecode.c.h; path = RecentContestListTableViewCell.h; sourceTree = "<group>"; };
		5FB512A61D60494600253B38 /* RecentContestListTableViewCell.m */ = {isa = PBXFileReference; fileEncoding = 4; lastKnownFileType = sourcecode.c.objc; path = RecentContestListTableViewCell.m; sourceTree = "<group>"; };
		5FB512A81D604D8F00253B38 /* RecentContestListViewController.h */ = {isa = PBXFileReference; fileEncoding = 4; lastKnownFileType = sourcecode.c.h; path = RecentContestListViewController.h; sourceTree = "<group>"; };
		5FB512A91D604D8F00253B38 /* RecentContestListViewController.m */ = {isa = PBXFileReference; fileEncoding = 4; lastKnownFileType = sourcecode.c.objc; path = RecentContestListViewController.m; sourceTree = "<group>"; };
		5FB512AF1D60509F00253B38 /* RecentContestListModel.h */ = {isa = PBXFileReference; fileEncoding = 4; lastKnownFileType = sourcecode.c.h; path = RecentContestListModel.h; sourceTree = "<group>"; };
		5FB512B01D60509F00253B38 /* RecentContestListModel.m */ = {isa = PBXFileReference; fileEncoding = 4; lastKnownFileType = sourcecode.c.objc; path = RecentContestListModel.m; sourceTree = "<group>"; };
		5FB512BA1D6069A300253B38 /* DefaultTextField.h */ = {isa = PBXFileReference; fileEncoding = 4; lastKnownFileType = sourcecode.c.h; path = DefaultTextField.h; sourceTree = "<group>"; };
		5FB512BB1D6069A300253B38 /* DefaultTextField.m */ = {isa = PBXFileReference; fileEncoding = 4; lastKnownFileType = sourcecode.c.objc; path = DefaultTextField.m; sourceTree = "<group>"; };
		5FB512BD1D606BA200253B38 /* DefaultWebView.h */ = {isa = PBXFileReference; fileEncoding = 4; lastKnownFileType = sourcecode.c.h; path = DefaultWebView.h; sourceTree = "<group>"; };
		5FB512BE1D606BA200253B38 /* DefaultWebView.m */ = {isa = PBXFileReference; fileEncoding = 4; lastKnownFileType = sourcecode.c.objc; path = DefaultWebView.m; sourceTree = "<group>"; };
		5FB512C11D60865800253B38 /* TrainingRatingListModel.h */ = {isa = PBXFileReference; fileEncoding = 4; lastKnownFileType = sourcecode.c.h; path = TrainingRatingListModel.h; sourceTree = "<group>"; };
		5FB512C21D60865800253B38 /* TrainingRatingListModel.m */ = {isa = PBXFileReference; fileEncoding = 4; lastKnownFileType = sourcecode.c.objc; path = TrainingRatingListModel.m; sourceTree = "<group>"; };
		5FB512C41D6089A200253B38 /* TrainingRatingListViewController.h */ = {isa = PBXFileReference; fileEncoding = 4; lastKnownFileType = sourcecode.c.h; path = TrainingRatingListViewController.h; sourceTree = "<group>"; };
		5FB512C51D6089A200253B38 /* TrainingRatingListViewController.m */ = {isa = PBXFileReference; fileEncoding = 4; lastKnownFileType = sourcecode.c.objc; path = TrainingRatingListViewController.m; sourceTree = "<group>"; };
		5FB512C71D608C6D00253B38 /* TrainingRatingContentModel.h */ = {isa = PBXFileReference; fileEncoding = 4; lastKnownFileType = sourcecode.c.h; path = TrainingRatingContentModel.h; sourceTree = "<group>"; };
		5FB512C81D608C6D00253B38 /* TrainingRatingContentModel.m */ = {isa = PBXFileReference; fileEncoding = 4; lastKnownFileType = sourcecode.c.objc; path = TrainingRatingContentModel.m; sourceTree = "<group>"; };
		5FB512CD1D60928600253B38 /* TrainingRatingUserListViewController.h */ = {isa = PBXFileReference; fileEncoding = 4; lastKnownFileType = sourcecode.c.h; path = TrainingRatingUserListViewController.h; sourceTree = "<group>"; };
		5FB512CE1D60928600253B38 /* TrainingRatingUserListViewController.m */ = {isa = PBXFileReference; fileEncoding = 4; lastKnownFileType = sourcecode.c.objc; path = TrainingRatingUserListViewController.m; sourceTree = "<group>"; };
		5FB512D41D609F6600253B38 /* TrainingRatingUserListTableViewCell.h */ = {isa = PBXFileReference; fileEncoding = 4; lastKnownFileType = sourcecode.c.h; path = TrainingRatingUserListTableViewCell.h; sourceTree = "<group>"; };
		5FB512D51D609F6600253B38 /* TrainingRatingUserListTableViewCell.m */ = {isa = PBXFileReference; fileEncoding = 4; lastKnownFileType = sourcecode.c.objc; path = TrainingRatingUserListTableViewCell.m; sourceTree = "<group>"; };
		5FB513901D61F2C800253B38 /* TYPagerController.h */ = {isa = PBXFileReference; fileEncoding = 4; lastKnownFileType = sourcecode.c.h; path = TYPagerController.h; sourceTree = "<group>"; };
		5FB513911D61F2C800253B38 /* TYPagerController.m */ = {isa = PBXFileReference; fileEncoding = 4; lastKnownFileType = sourcecode.c.objc; path = TYPagerController.m; sourceTree = "<group>"; };
		5FB513921D61F2C800253B38 /* TYTabButtonPagerController.h */ = {isa = PBXFileReference; fileEncoding = 4; lastKnownFileType = sourcecode.c.h; path = TYTabButtonPagerController.h; sourceTree = "<group>"; };
		5FB513931D61F2C800253B38 /* TYTabButtonPagerController.m */ = {isa = PBXFileReference; fileEncoding = 4; lastKnownFileType = sourcecode.c.objc; path = TYTabButtonPagerController.m; sourceTree = "<group>"; };
		5FB513941D61F2C800253B38 /* TYTabPagerController.h */ = {isa = PBXFileReference; fileEncoding = 4; lastKnownFileType = sourcecode.c.h; path = TYTabPagerController.h; sourceTree = "<group>"; };
		5FB513951D61F2C800253B38 /* TYTabPagerController.m */ = {isa = PBXFileReference; fileEncoding = 4; lastKnownFileType = sourcecode.c.objc; path = TYTabPagerController.m; sourceTree = "<group>"; };
		5FB513961D61F2C800253B38 /* TYTabTitleCellProtocol.h */ = {isa = PBXFileReference; fileEncoding = 4; lastKnownFileType = sourcecode.c.h; path = TYTabTitleCellProtocol.h; sourceTree = "<group>"; };
		5FB513971D61F2C800253B38 /* TYTabTitleViewCell.h */ = {isa = PBXFileReference; fileEncoding = 4; lastKnownFileType = sourcecode.c.h; path = TYTabTitleViewCell.h; sourceTree = "<group>"; };
		5FB513981D61F2C800253B38 /* TYTabTitleViewCell.m */ = {isa = PBXFileReference; fileEncoding = 4; lastKnownFileType = sourcecode.c.objc; path = TYTabTitleViewCell.m; sourceTree = "<group>"; };
		5FE468171D5850CE0050636D /* NoticeSplitMasterViewController.h */ = {isa = PBXFileReference; fileEncoding = 4; lastKnownFileType = sourcecode.c.h; path = NoticeSplitMasterViewController.h; sourceTree = "<group>"; };
		5FE468181D5850CE0050636D /* NoticeSplitMasterViewController.m */ = {isa = PBXFileReference; fileEncoding = 4; lastKnownFileType = sourcecode.c.objc; path = NoticeSplitMasterViewController.m; sourceTree = "<group>"; };
		5FE4681B1D5851630050636D /* DefaultNavigationController.h */ = {isa = PBXFileReference; fileEncoding = 4; lastKnownFileType = sourcecode.c.h; path = DefaultNavigationController.h; sourceTree = "<group>"; };
		5FE4681C1D5851630050636D /* DefaultNavigationController.m */ = {isa = PBXFileReference; fileEncoding = 4; lastKnownFileType = sourcecode.c.objc; path = DefaultNavigationController.m; sourceTree = "<group>"; };
		5FE4681E1D5852E20050636D /* NoticeListViewController.h */ = {isa = PBXFileReference; fileEncoding = 4; lastKnownFileType = sourcecode.c.h; path = NoticeListViewController.h; sourceTree = "<group>"; };
		5FE4681F1D5852E20050636D /* NoticeListViewController.m */ = {isa = PBXFileReference; fileEncoding = 4; lastKnownFileType = sourcecode.c.objc; path = NoticeListViewController.m; sourceTree = "<group>"; };
		5FE468211D5853EE0050636D /* DefaultSplitViewController.h */ = {isa = PBXFileReference; fileEncoding = 4; lastKnownFileType = sourcecode.c.h; path = DefaultSplitViewController.h; sourceTree = "<group>"; };
		5FE468221D5853EE0050636D /* DefaultSplitViewController.m */ = {isa = PBXFileReference; fileEncoding = 4; lastKnownFileType = sourcecode.c.objc; path = DefaultSplitViewController.m; sourceTree = "<group>"; };
		5FE468251D585FD80050636D /* DefaultTableViewCell.h */ = {isa = PBXFileReference; fileEncoding = 4; lastKnownFileType = sourcecode.c.h; path = DefaultTableViewCell.h; sourceTree = "<group>"; };
		5FE468261D585FD80050636D /* DefaultTableViewCell.m */ = {isa = PBXFileReference; fileEncoding = 4; lastKnownFileType = sourcecode.c.objc; path = DefaultTableViewCell.m; sourceTree = "<group>"; };
		5FE4682B1D5875310050636D /* NoticeSplitDetailViewController.h */ = {isa = PBXFileReference; fileEncoding = 4; lastKnownFileType = sourcecode.c.h; path = NoticeSplitDetailViewController.h; sourceTree = "<group>"; };
		5FE4682C1D5875310050636D /* NoticeSplitDetailViewController.m */ = {isa = PBXFileReference; fileEncoding = 4; lastKnownFileType = sourcecode.c.objc; path = NoticeSplitDetailViewController.m; sourceTree = "<group>"; };
		AF74DD03BA03BACE62F68F3B /* Pods-CDOJ-IOS.debug.xcconfig */ = {isa = PBXFileReference; includeInIndex = 1; lastKnownFileType = text.xcconfig; name = "Pods-CDOJ-IOS.debug.xcconfig"; path = "Pods/Target Support Files/Pods-CDOJ-IOS/Pods-CDOJ-IOS.debug.xcconfig"; sourceTree = "<group>"; };
/* End PBXFileReference section */

/* Begin PBXFrameworksBuildPhase section */
		5F03E9B21D581A8200607DB9 /* Frameworks */ = {
			isa = PBXFrameworksBuildPhase;
			buildActionMask = 2147483647;
			files = (
				642ADCE63A7747EF364A58D3 /* libPods-CDOJ-IOS.a in Frameworks */,
			);
			runOnlyForDeploymentPostprocessing = 0;
		};
/* End PBXFrameworksBuildPhase section */

/* Begin PBXGroup section */
		42BCF5DDEE9EF0907C5D41DB /* Pods */ = {
			isa = PBXGroup;
			children = (
				AF74DD03BA03BACE62F68F3B /* Pods-CDOJ-IOS.debug.xcconfig */,
				0EE474F261EDAF2BBFD28F4E /* Pods-CDOJ-IOS.release.xcconfig */,
			);
			name = Pods;
			sourceTree = "<group>";
		};
		5F03E9AC1D581A8200607DB9 = {
			isa = PBXGroup;
			children = (
				5F03E9B71D581A8200607DB9 /* CDOJ-IOS */,
				5F03E9B61D581A8200607DB9 /* Products */,
				42BCF5DDEE9EF0907C5D41DB /* Pods */,
				AC36B2153A8A58D5D717B681 /* Frameworks */,
				5FB513801D61951900253B38 /* Library */,
			);
			sourceTree = "<group>";
		};
		5F03E9B61D581A8200607DB9 /* Products */ = {
			isa = PBXGroup;
			children = (
				5F03E9B51D581A8200607DB9 /* CDOJ-IOS.app */,
			);
			name = Products;
			sourceTree = "<group>";
		};
		5F03E9B71D581A8200607DB9 /* CDOJ-IOS */ = {
			isa = PBXGroup;
			children = (
				5F03E9D01D581D8100607DB9 /* Function */,
				5F03E9DA1D581D8100607DB9 /* Macro */,
				5F03E9E01D581D8100607DB9 /* Model */,
				5F03EA021D581F0900607DB9 /* View */,
				5F03EA031D581F0900607DB9 /* ViewController */,
				5F03E9C41D581A8200607DB9 /* Assets.xcassets */,
				5F03E9C91D581A8200607DB9 /* Info.plist */,
				5F03E9B81D581A8200607DB9 /* Supporting Files */,
				5FAF07A91D5C98DC000CE6F6 /* Launch Screen.storyboard */,
			);
			path = "CDOJ-IOS";
			sourceTree = "<group>";
		};
		5F03E9B81D581A8200607DB9 /* Supporting Files */ = {
			isa = PBXGroup;
			children = (
				5F03E9B91D581A8200607DB9 /* main.m */,
				5F03E9BB1D581A8200607DB9 /* AppDelegate.h */,
				5F03E9BC1D581A8200607DB9 /* AppDelegate.m */,
			);
			name = "Supporting Files";
			sourceTree = "<group>";
		};
		5F03E9D01D581D8100607DB9 /* Function */ = {
			isa = PBXGroup;
			children = (
				5F03E9D11D581D8100607DB9 /* Function.h */,
				5F03E9D21D581D8100607DB9 /* HTTP.h */,
				5F03E9D31D581D8100607DB9 /* HTTP.m */,
				5F03E9D41D581D8100607DB9 /* Message.h */,
				5F03E9D51D581D8100607DB9 /* Message.m */,
				5F03E9D61D581D8100607DB9 /* Security.h */,
				5F03E9D71D581D8100607DB9 /* Security.m */,
				5F03E9D81D581D8100607DB9 /* Time.h */,
				5F03E9D91D581D8100607DB9 /* Time.m */,
			);
			path = Function;
			sourceTree = "<group>";
		};
		5F03E9DA1D581D8100607DB9 /* Macro */ = {
			isa = PBXGroup;
			children = (
				5F03E9DB1D581D8100607DB9 /* Api.h */,
				5F03E9DC1D581D8100607DB9 /* Color.h */,
				5F03E9DD1D581D8100607DB9 /* Global.h */,
				5F03E9DE1D581D8100607DB9 /* Macro.h */,
				5F03E9DF1D581D8100607DB9 /* Notification.h */,
				5FAF07E61D5ECD52000CE6F6 /* String.h */,
			);
			path = Macro;
			sourceTree = "<group>";
		};
		5F03E9E01D581D8100607DB9 /* Model */ = {
			isa = PBXGroup;
			children = (
				5F7E4D651D596F3300E9D4C8 /* Contest */,
				5F03E9E61D581D8100607DB9 /* Default */,
				5FB075F31D6BE2F1002C4730 /* Article */,
				5F03E9EE1D581D8100607DB9 /* Problem */,
				5FB075DC1D697C33002C4730 /* Status */,
				5F03E9F31D581D8100607DB9 /* User */,
				5FB512AB1D604EF900253B38 /* ACM */,
				5FB512C01D60861C00253B38 /* Team */,
			);
			path = Model;
			sourceTree = "<group>";
		};
		5F03E9E61D581D8100607DB9 /* Default */ = {
			isa = PBXGroup;
			children = (
				5F03E9E71D581D8100607DB9 /* DefaultModel.h */,
				5F03E9E81D581D8100607DB9 /* DefaultModel.m */,
				5F4B03111D5A085F00A531B3 /* LocalDataModel.h */,
				5F4B03121D5A085F00A531B3 /* LocalDataModel.m */,
				5FAF07DD1D5DC8F9000CE6F6 /* DefaultListModel.h */,
				5FAF07DE1D5DC8F9000CE6F6 /* DefaultListModel.m */,
				5FAF07E31D5E0393000CE6F6 /* ColorSchemeModel.h */,
				5FAF07E41D5E0393000CE6F6 /* ColorSchemeModel.m */,
			);
			path = Default;
			sourceTree = "<group>";
		};
		5F03E9EE1D581D8100607DB9 /* Problem */ = {
			isa = PBXGroup;
			children = (
				5F03E9EF1D581D8100607DB9 /* ProblemContentModel.h */,
				5F03E9F01D581D8100607DB9 /* ProblemContentModel.m */,
				5F03E9F11D581D8100607DB9 /* ProblemListModel.h */,
				5F03E9F21D581D8100607DB9 /* ProblemListModel.m */,
			);
			path = Problem;
			sourceTree = "<group>";
		};
		5F03E9F31D581D8100607DB9 /* User */ = {
			isa = PBXGroup;
			children = (
				5F03E9F41D581D8100607DB9 /* UserModel.h */,
				5F03E9F51D581D8100607DB9 /* UserModel.m */,
			);
			path = User;
			sourceTree = "<group>";
		};
		5F03EA021D581F0900607DB9 /* View */ = {
			isa = PBXGroup;
			children = (
				5FB512B61D6068DF00253B38 /* Text */,
				5F4B02F51D59BB9700A531B3 /* WebView */,
				5FE468241D585FC20050636D /* TableView */,
			);
			path = View;
			sourceTree = "<group>";
		};
		5F03EA031D581F0900607DB9 /* ViewController */ = {
			isa = PBXGroup;
			children = (
				5FE4681A1D5851500050636D /* Default */,
				5F03EA071D58241700607DB9 /* Contest */,
				5F03EA081D58241700607DB9 /* Notice */,
				5F03EA091D58241700607DB9 /* Problem */,
				5FB075E31D6982EA002C4730 /* Status */,
				5F03EA0A1D58241700607DB9 /* User */,
				5F03EA041D58224D00607DB9 /* MainViewController.h */,
				5F03EA051D58224D00607DB9 /* MainViewController.m */,
			);
			path = ViewController;
			sourceTree = "<group>";
		};
		5F03EA071D58241700607DB9 /* Contest */ = {
			isa = PBXGroup;
			children = (
				5F03EA141D58246E00607DB9 /* ContestMainViewController.h */,
				5F03EA151D58246E00607DB9 /* ContestMainViewController.m */,
				5F7E4D591D596C9D00E9D4C8 /* ContestSplitMasterViewController.h */,
				5F7E4D5A1D596C9D00E9D4C8 /* ContestSplitMasterViewController.m */,
				5F7E4D5C1D596CCB00E9D4C8 /* ContestListViewController.h */,
				5F7E4D5D1D596CCB00E9D4C8 /* ContestListViewController.m */,
				5F7E4D5F1D596D5100E9D4C8 /* ContestSplitDetailViewController.h */,
				5F7E4D601D596D5100E9D4C8 /* ContestSplitDetailViewController.m */,
				5F7E4D621D596D9F00E9D4C8 /* ContestContentViewController.h */,
				5F7E4D631D596D9F00E9D4C8 /* ContestContentViewController.m */,
				5F4B02F11D59A37D00A531B3 /* ProblemPageController.h */,
				5F4B02F21D59A37D00A531B3 /* ProblemPageController.m */,
				5F4B02F91D59C08900A531B3 /* ContestOverViewController.h */,
				5F4B02FA1D59C08900A531B3 /* ContestOverViewController.m */,
				5FB512A11D6033A100253B38 /* ContestRegisterViewController.h */,
				5FB512A21D6033A100253B38 /* ContestRegisterViewController.m */,
				5FB076061D6BEF1F002C4730 /* ContestClarificationViewController.h */,
				5FB076071D6BEF1F002C4730 /* ContestClarificationViewController.m */,
				5FB0760C1D6C07A9002C4730 /* ContestRankListViewController.h */,
				5FB0760D1D6C07A9002C4730 /* ContestRankListViewController.m */,
			);
			path = Contest;
			sourceTree = "<group>";
		};
		5F03EA081D58241700607DB9 /* Notice */ = {
			isa = PBXGroup;
			children = (
				5F03EA0B1D58243300607DB9 /* NoticeMainViewController.h */,
				5F03EA0C1D58243300607DB9 /* NoticeMainViewController.m */,
				5FE468171D5850CE0050636D /* NoticeSplitMasterViewController.h */,
				5FE468181D5850CE0050636D /* NoticeSplitMasterViewController.m */,
				5FE4681E1D5852E20050636D /* NoticeListViewController.h */,
				5FE4681F1D5852E20050636D /* NoticeListViewController.m */,
				5FE4682B1D5875310050636D /* NoticeSplitDetailViewController.h */,
				5FE4682C1D5875310050636D /* NoticeSplitDetailViewController.m */,
				5FB075FA1D6BE565002C4730 /* ArticleContentViewController.h */,
				5FB075FB1D6BE565002C4730 /* ArticleContentViewController.m */,
			);
			path = Notice;
			sourceTree = "<group>";
		};
		5F03EA091D58241700607DB9 /* Problem */ = {
			isa = PBXGroup;
			children = (
				5F03EA0E1D58244700607DB9 /* ProblemMainViewController.h */,
				5F03EA0F1D58244700607DB9 /* ProblemMainViewController.m */,
				5F7E4D4A1D58B6A300E9D4C8 /* ProblemSplitMasterViewController.h */,
				5F7E4D4B1D58B6A300E9D4C8 /* ProblemSplitMasterViewController.m */,
				5F7E4D4D1D58B6F900E9D4C8 /* ProblemListViewController.h */,
				5F7E4D4E1D58B6F900E9D4C8 /* ProblemListViewController.m */,
				5F7E4D501D58B80100E9D4C8 /* ProblemSplitDetailViewController.h */,
				5F7E4D511D58B80100E9D4C8 /* ProblemSplitDetailViewController.m */,
				5F7E4D531D58B84500E9D4C8 /* ProblemContentViewController.h */,
				5F7E4D541D58B84500E9D4C8 /* ProblemContentViewController.m */,
			);
			path = Problem;
			sourceTree = "<group>";
		};
		5F03EA0A1D58241700607DB9 /* User */ = {
			isa = PBXGroup;
			children = (
				5F4B03021D59FB7D00A531B3 /* About */,
				5F4B03031D59FB7D00A531B3 /* Me */,
				5F4B03041D59FB7D00A531B3 /* Setting */,
				5FB5128B1D5F49CE00253B38 /* ACM */,
				5FB5128C1D5F49CE00253B38 /* Team */,
				5F03EA111D58245B00607DB9 /* UserMainViewController.h */,
				5F03EA121D58245B00607DB9 /* UserMainViewController.m */,
				5F4B02FC1D59D87C00A531B3 /* UserSplitMasterViewController.h */,
				5F4B02FD1D59D87C00A531B3 /* UserSplitMasterViewController.m */,
				5F4B02FF1D59D8CC00A531B3 /* UserSettingViewController.h */,
				5F4B03001D59D8CC00A531B3 /* UserSettingViewController.m */,
				5FAF078C1D5C1693000CE6F6 /* LoginViewController.h */,
				5FAF078D1D5C1693000CE6F6 /* LoginViewController.m */,
			);
			path = User;
			sourceTree = "<group>";
		};
		5F4B02F51D59BB9700A531B3 /* WebView */ = {
			isa = PBXGroup;
			children = (
				5FB512BD1D606BA200253B38 /* DefaultWebView.h */,
				5FB512BE1D606BA200253B38 /* DefaultWebView.m */,
			);
			path = WebView;
			sourceTree = "<group>";
		};
		5F4B03021D59FB7D00A531B3 /* About */ = {
			isa = PBXGroup;
			children = (
				5F4B03081D59FC5600A531B3 /* AboutCDOJViewController.h */,
				5F4B03091D59FC5600A531B3 /* AboutCDOJViewController.m */,
				5FAF07A41D5C77DE000CE6F6 /* FeedbackViewController.h */,
				5FAF07A51D5C77DE000CE6F6 /* FeedbackViewController.m */,
			);
			path = About;
			sourceTree = "<group>";
		};
		5F4B03031D59FB7D00A531B3 /* Me */ = {
			isa = PBXGroup;
			children = (
				5FB075FD1D6BE834002C4730 /* UserBlogListViewController.h */,
				5FB075FE1D6BE834002C4730 /* UserBlogListViewController.m */,
			);
			path = Me;
			sourceTree = "<group>";
		};
		5F4B03041D59FB7D00A531B3 /* Setting */ = {
			isa = PBXGroup;
			children = (
				5F4B030B1D5A04DD00A531B3 /* AccountManageViewController.h */,
				5F4B030C1D5A04DD00A531B3 /* AccountManageViewController.m */,
			);
			path = Setting;
			sourceTree = "<group>";
		};
		5F7E4D651D596F3300E9D4C8 /* Contest */ = {
			isa = PBXGroup;
			children = (
				5F7E4D6F1D59709E00E9D4C8 /* ContestContentModel.h */,
				5F7E4D701D59709E00E9D4C8 /* ContestContentModel.m */,
				5F7E4D681D596F3300E9D4C8 /* ContestListModel.h */,
				5F7E4D691D596F3300E9D4C8 /* ContestListModel.m */,
				5FB0760F1D6C083A002C4730 /* ContestRankListModel.h */,
				5FB076101D6C083A002C4730 /* ContestRankListModel.m */,
			);
			path = Contest;
			sourceTree = "<group>";
		};
		5FB075DC1D697C33002C4730 /* Status */ = {
			isa = PBXGroup;
			children = (
				5FB075DD1D697C59002C4730 /* StatusListModel.h */,
				5FB075DE1D697C59002C4730 /* StatusListModel.m */,
				5FB075E01D697ED1002C4730 /* StatusContentModel.h */,
				5FB075E11D697ED1002C4730 /* StatusContentModel.m */,
				5FB075F01D69A75D002C4730 /* CodeSubmitModel.h */,
				5FB075F11D69A75D002C4730 /* CodeSubmitModel.m */,
			);
			path = Status;
			sourceTree = "<group>";
		};
		5FB075E31D6982EA002C4730 /* Status */ = {
			isa = PBXGroup;
			children = (
				5FB075E41D698310002C4730 /* StatusListViewController.h */,
				5FB075E51D698310002C4730 /* StatusListViewController.m */,
				5FB075EA1D6995E7002C4730 /* StatusContentViewController.h */,
				5FB075EB1D6995E7002C4730 /* StatusContentViewController.m */,
				5FB075ED1D699EF4002C4730 /* CodeSubmitViewController.h */,
				5FB075EE1D699EF4002C4730 /* CodeSubmitViewController.m */,
			);
			path = Status;
			sourceTree = "<group>";
		};
		5FB075F31D6BE2F1002C4730 /* Article */ = {
			isa = PBXGroup;
			children = (
				5FB075F41D6BE2F1002C4730 /* ArticleContentModel.h */,
				5FB075F51D6BE2F1002C4730 /* ArticleContentModel.m */,
				5FB075F61D6BE2F1002C4730 /* ArticleListModel.h */,
				5FB075F71D6BE2F1002C4730 /* ArticleListModel.m */,
			);
			path = Article;
			sourceTree = "<group>";
		};
		5FB5128B1D5F49CE00253B38 /* ACM */ = {
			isa = PBXGroup;
			children = (
				5FB5128D1D5F49ED00253B38 /* FAQViewController.h */,
				5FB5128E1D5F49ED00253B38 /* FAQViewController.m */,
				5FB512901D5F4AC400253B38 /* StepByStepViewController.h */,
				5FB512911D5F4AC400253B38 /* StepByStepViewController.m */,
				5FB512A81D604D8F00253B38 /* RecentContestListViewController.h */,
				5FB512A91D604D8F00253B38 /* RecentContestListViewController.m */,
			);
			path = ACM;
			sourceTree = "<group>";
		};
		5FB5128C1D5F49CE00253B38 /* Team */ = {
			isa = PBXGroup;
			children = (
				5FB512931D5F4B0D00253B38 /* TeamHornorViewController.h */,
				5FB512941D5F4B0D00253B38 /* TeamHornorViewController.m */,
				5FB512C41D6089A200253B38 /* TrainingRatingListViewController.h */,
				5FB512C51D6089A200253B38 /* TrainingRatingListViewController.m */,
				5FB512CD1D60928600253B38 /* TrainingRatingUserListViewController.h */,
				5FB512CE1D60928600253B38 /* TrainingRatingUserListViewController.m */,
			);
			path = Team;
			sourceTree = "<group>";
		};
		5FB512961D5F4E7C00253B38 /* User */ = {
			isa = PBXGroup;
			children = (
				5FB512A41D60492700253B38 /* ACM */,
				5FB512971D5F4E7C00253B38 /* Setting */,
				5FB512B21D60682600253B38 /* Me */,
				5FB512D31D609F6600253B38 /* Team */,
			);
			path = User;
			sourceTree = "<group>";
		};
		5FB512971D5F4E7C00253B38 /* Setting */ = {
			isa = PBXGroup;
			children = (
				5FB512981D5F4E7C00253B38 /* AccountListTableViewCell.h */,
				5FB512991D5F4E7C00253B38 /* AccountListTableViewCell.m */,
			);
			path = Setting;
			sourceTree = "<group>";
		};
		5FB512A41D60492700253B38 /* ACM */ = {
			isa = PBXGroup;
			children = (
				5FB512A51D60494600253B38 /* RecentContestListTableViewCell.h */,
				5FB512A61D60494600253B38 /* RecentContestListTableViewCell.m */,
			);
			path = ACM;
			sourceTree = "<group>";
		};
		5FB512AB1D604EF900253B38 /* ACM */ = {
			isa = PBXGroup;
			children = (
				5FB512AF1D60509F00253B38 /* RecentContestListModel.h */,
				5FB512B01D60509F00253B38 /* RecentContestListModel.m */,
			);
			path = ACM;
			sourceTree = "<group>";
		};
		5FB512B21D60682600253B38 /* Me */ = {
			isa = PBXGroup;
			children = (
			);
			path = Me;
			sourceTree = "<group>";
		};
		5FB512B61D6068DF00253B38 /* Text */ = {
			isa = PBXGroup;
			children = (
				5FB512BA1D6069A300253B38 /* DefaultTextField.h */,
				5FB512BB1D6069A300253B38 /* DefaultTextField.m */,
			);
			path = Text;
			sourceTree = "<group>";
		};
		5FB512C01D60861C00253B38 /* Team */ = {
			isa = PBXGroup;
			children = (
				5FB512C11D60865800253B38 /* TrainingRatingListModel.h */,
				5FB512C21D60865800253B38 /* TrainingRatingListModel.m */,
				5FB512C71D608C6D00253B38 /* TrainingRatingContentModel.h */,
				5FB512C81D608C6D00253B38 /* TrainingRatingContentModel.m */,
			);
			name = Team;
			path = "CDOJ-IOS/Model/Team";
			sourceTree = SOURCE_ROOT;
		};
		5FB512D31D609F6600253B38 /* Team */ = {
			isa = PBXGroup;
			children = (
				5FB512D41D609F6600253B38 /* TrainingRatingUserListTableViewCell.h */,
				5FB512D51D609F6600253B38 /* TrainingRatingUserListTableViewCell.m */,
			);
			path = Team;
			sourceTree = "<group>";
		};
		5FB513801D61951900253B38 /* Library */ = {
			isa = PBXGroup;
			children = (
				5FB5138F1D61F2C800253B38 /* TYPagerController */,
			);
			path = Library;
			sourceTree = "<group>";
		};
		5FB5138F1D61F2C800253B38 /* TYPagerController */ = {
			isa = PBXGroup;
			children = (
				5FB513901D61F2C800253B38 /* TYPagerController.h */,
				5FB513911D61F2C800253B38 /* TYPagerController.m */,
				5FB513921D61F2C800253B38 /* TYTabButtonPagerController.h */,
				5FB513931D61F2C800253B38 /* TYTabButtonPagerController.m */,
				5FB513941D61F2C800253B38 /* TYTabPagerController.h */,
				5FB513951D61F2C800253B38 /* TYTabPagerController.m */,
				5FB513961D61F2C800253B38 /* TYTabTitleCellProtocol.h */,
				5FB513971D61F2C800253B38 /* TYTabTitleViewCell.h */,
				5FB513981D61F2C800253B38 /* TYTabTitleViewCell.m */,
			);
			path = TYPagerController;
			sourceTree = "<group>";
		};
		5FE4681A1D5851500050636D /* Default */ = {
			isa = PBXGroup;
			children = (
				5FE4681B1D5851630050636D /* DefaultNavigationController.h */,
				5FE4681C1D5851630050636D /* DefaultNavigationController.m */,
				5FE468211D5853EE0050636D /* DefaultSplitViewController.h */,
				5FE468221D5853EE0050636D /* DefaultSplitViewController.m */,
				5F7E4D471D588DF700E9D4C8 /* DefaultSplitDetailLogoViewController.h */,
				5F7E4D481D588DF700E9D4C8 /* DefaultSplitDetailLogoViewController.m */,
				5F4B02EE1D59A2CA00A531B3 /* DefaultPageController.h */,
				5F4B02EF1D59A2CA00A531B3 /* DefaultPageController.m */,
				5F4B03051D59FBB000A531B3 /* DefaultViewController.h */,
				5F4B03061D59FBB000A531B3 /* DefaultViewController.m */,
				5FAF07921D5C5A0E000CE6F6 /* DefaultDataListViewController.h */,
				5FAF07931D5C5A0E000CE6F6 /* DefaultDataListViewController.m */,
			);
			path = Default;
			sourceTree = "<group>";
		};
		5FE468241D585FC20050636D /* TableView */ = {
			isa = PBXGroup;
			children = (
				5FB512961D5F4E7C00253B38 /* User */,
				5FE468251D585FD80050636D /* DefaultTableViewCell.h */,
				5FE468261D585FD80050636D /* DefaultTableViewCell.m */,
				5F7E4D561D58B8FB00E9D4C8 /* ProblemListTableViewCell.h */,
				5F7E4D571D58B8FB00E9D4C8 /* ProblemListTableViewCell.m */,
				5F7E4D6C1D596F8000E9D4C8 /* ContestListTableViewCell.h */,
				5F7E4D6D1D596F8000E9D4C8 /* ContestListTableViewCell.m */,
				5FB075E71D6983D4002C4730 /* StatusListTableViewCell.h */,
				5FB075E81D6983D4002C4730 /* StatusListTableViewCell.m */,
				5FB076031D6BED88002C4730 /* ArticleListTableViewCell.h */,
				5FB076041D6BED88002C4730 /* ArticleListTableViewCell.m */,
				5FB076091D6BF03E002C4730 /* ContestClarificationListTableView.h */,
				5FB0760A1D6BF03E002C4730 /* ContestClarificationListTableView.m */,
				5FB076121D6C0AE9002C4730 /* ContestRankListTableViewCell.h */,
				5FB076131D6C0AE9002C4730 /* ContestRankListTableViewCell.m */,
			);
			path = TableView;
			sourceTree = "<group>";
		};
		AC36B2153A8A58D5D717B681 /* Frameworks */ = {
			isa = PBXGroup;
			children = (
				551FF3E10342B393AEF1D0EE /* libPods-CDOJ-IOS.a */,
			);
			name = Frameworks;
			sourceTree = "<group>";
		};
/* End PBXGroup section */

/* Begin PBXNativeTarget section */
		5F03E9B41D581A8200607DB9 /* CDOJ-IOS */ = {
			isa = PBXNativeTarget;
			buildConfigurationList = 5F03E9CC1D581A8200607DB9 /* Build configuration list for PBXNativeTarget "CDOJ-IOS" */;
			buildPhases = (
				4DE6A3630BCB5BEC11403F3B /* [CP] Check Pods Manifest.lock */,
				5F03E9B11D581A8200607DB9 /* Sources */,
				5F03E9B21D581A8200607DB9 /* Frameworks */,
				5F03E9B31D581A8200607DB9 /* Resources */,
				80859AB957B7C3EA5B02E6C7 /* [CP] Embed Pods Frameworks */,
				7467259CB7A52F67583B5078 /* [CP] Copy Pods Resources */,
			);
			buildRules = (
			);
			dependencies = (
			);
			name = "CDOJ-IOS";
			productName = "CDOJ-IOS";
			productReference = 5F03E9B51D581A8200607DB9 /* CDOJ-IOS.app */;
			productType = "com.apple.product-type.application";
		};
/* End PBXNativeTarget section */

/* Begin PBXProject section */
		5F03E9AD1D581A8200607DB9 /* Project object */ = {
			isa = PBXProject;
			attributes = {
				LastUpgradeCheck = 0730;
				ORGANIZATIONNAME = "UESTCACM QKTeam";
				TargetAttributes = {
					5F03E9B41D581A8200607DB9 = {
						CreatedOnToolsVersion = 7.3.1;
						DevelopmentTeam = L6YE3TUZKD;
					};
				};
			};
			buildConfigurationList = 5F03E9B01D581A8200607DB9 /* Build configuration list for PBXProject "CDOJ-IOS" */;
			compatibilityVersion = "Xcode 3.2";
			developmentRegion = English;
			hasScannedForEncodings = 0;
			knownRegions = (
				en,
				Base,
			);
			mainGroup = 5F03E9AC1D581A8200607DB9;
			productRefGroup = 5F03E9B61D581A8200607DB9 /* Products */;
			projectDirPath = "";
			projectRoot = "";
			targets = (
				5F03E9B41D581A8200607DB9 /* CDOJ-IOS */,
			);
		};
/* End PBXProject section */

/* Begin PBXResourcesBuildPhase section */
		5F03E9B31D581A8200607DB9 /* Resources */ = {
			isa = PBXResourcesBuildPhase;
			buildActionMask = 2147483647;
			files = (
				5FAF07AA1D5C98DC000CE6F6 /* Launch Screen.storyboard in Resources */,
				5F03E9C51D581A8200607DB9 /* Assets.xcassets in Resources */,
			);
			runOnlyForDeploymentPostprocessing = 0;
		};
/* End PBXResourcesBuildPhase section */

/* Begin PBXShellScriptBuildPhase section */
		4DE6A3630BCB5BEC11403F3B /* [CP] Check Pods Manifest.lock */ = {
			isa = PBXShellScriptBuildPhase;
			buildActionMask = 2147483647;
			files = (
			);
			inputPaths = (
			);
			name = "[CP] Check Pods Manifest.lock";
			outputPaths = (
			);
			runOnlyForDeploymentPostprocessing = 0;
			shellPath = /bin/sh;
			shellScript = "diff \"${PODS_ROOT}/../Podfile.lock\" \"${PODS_ROOT}/Manifest.lock\" > /dev/null\nif [[ $? != 0 ]] ; then\n    cat << EOM\nerror: The sandbox is not in sync with the Podfile.lock. Run 'pod install' or update your CocoaPods installation.\nEOM\n    exit 1\nfi\n";
			showEnvVarsInLog = 0;
		};
		7467259CB7A52F67583B5078 /* [CP] Copy Pods Resources */ = {
			isa = PBXShellScriptBuildPhase;
			buildActionMask = 2147483647;
			files = (
			);
			inputPaths = (
			);
			name = "[CP] Copy Pods Resources";
			outputPaths = (
			);
			runOnlyForDeploymentPostprocessing = 0;
			shellPath = /bin/sh;
			shellScript = "\"${SRCROOT}/Pods/Target Support Files/Pods-CDOJ-IOS/Pods-CDOJ-IOS-resources.sh\"\n";
			showEnvVarsInLog = 0;
		};
		80859AB957B7C3EA5B02E6C7 /* [CP] Embed Pods Frameworks */ = {
			isa = PBXShellScriptBuildPhase;
			buildActionMask = 2147483647;
			files = (
			);
			inputPaths = (
			);
			name = "[CP] Embed Pods Frameworks";
			outputPaths = (
			);
			runOnlyForDeploymentPostprocessing = 0;
			shellPath = /bin/sh;
			shellScript = "\"${SRCROOT}/Pods/Target Support Files/Pods-CDOJ-IOS/Pods-CDOJ-IOS-frameworks.sh\"\n";
			showEnvVarsInLog = 0;
		};
/* End PBXShellScriptBuildPhase section */

/* Begin PBXSourcesBuildPhase section */
		5F03E9B11D581A8200607DB9 /* Sources */ = {
			isa = PBXSourcesBuildPhase;
			buildActionMask = 2147483647;
			files = (
				5F4B02FE1D59D87C00A531B3 /* UserSplitMasterViewController.m in Sources */,
				5F7E4D581D58B8FB00E9D4C8 /* ProblemListTableViewCell.m in Sources */,
				5F4B03011D59D8CC00A531B3 /* UserSettingViewController.m in Sources */,
				5F7E4D4C1D58B6A300E9D4C8 /* ProblemSplitMasterViewController.m in Sources */,
				5F03EA131D58245B00607DB9 /* UserMainViewController.m in Sources */,
				5FB512A31D6033A100253B38 /* ContestRegisterViewController.m in Sources */,
				5F03E9BD1D581A8200607DB9 /* AppDelegate.m in Sources */,
				5FB0760B1D6BF03E002C4730 /* ContestClarificationListTableView.m in Sources */,
				5FB075F21D69A75D002C4730 /* CodeSubmitModel.m in Sources */,
				5F7E4D551D58B84500E9D4C8 /* ProblemContentViewController.m in Sources */,
				5F03EA011D581D8100607DB9 /* UserModel.m in Sources */,
				5F7E4D611D596D5100E9D4C8 /* ContestSplitDetailViewController.m in Sources */,
				5FE468201D5852E20050636D /* NoticeListViewController.m in Sources */,
				5FAF078E1D5C1693000CE6F6 /* LoginViewController.m in Sources */,
				5FB075E21D697ED1002C4730 /* StatusContentModel.m in Sources */,
				5FAF07E51D5E0393000CE6F6 /* ColorSchemeModel.m in Sources */,
				5FB075FC1D6BE565002C4730 /* ArticleContentViewController.m in Sources */,
				5F03E9FC1D581D8100607DB9 /* DefaultModel.m in Sources */,
				5F03E9F71D581D8100607DB9 /* Message.m in Sources */,
				5F03EA101D58244700607DB9 /* ProblemMainViewController.m in Sources */,
				5FE468271D585FD80050636D /* DefaultTableViewCell.m in Sources */,
				5FB512CF1D60928600253B38 /* TrainingRatingUserListViewController.m in Sources */,
				5F03E9FF1D581D8100607DB9 /* ProblemContentModel.m in Sources */,
				5F4B03071D59FBB000A531B3 /* DefaultViewController.m in Sources */,
				5F4B03131D5A085F00A531B3 /* LocalDataModel.m in Sources */,
				5F03E9F91D581D8100607DB9 /* Time.m in Sources */,
				5FB512BC1D6069A300253B38 /* DefaultTextField.m in Sources */,
				5FB5129A1D5F4E7C00253B38 /* AccountListTableViewCell.m in Sources */,
				5F4B030A1D59FC5600A531B3 /* AboutCDOJViewController.m in Sources */,
				5FB5128F1D5F49ED00253B38 /* FAQViewController.m in Sources */,
				5F4B02F01D59A2CA00A531B3 /* DefaultPageController.m in Sources */,
				5FAF07941D5C5A0E000CE6F6 /* DefaultDataListViewController.m in Sources */,
				5FB075EC1D6995E7002C4730 /* StatusContentViewController.m in Sources */,
				5FB075DF1D697C59002C4730 /* StatusListModel.m in Sources */,
				5FB076051D6BED88002C4730 /* ArticleListTableViewCell.m in Sources */,
				5FAF07DF1D5DC8F9000CE6F6 /* DefaultListModel.m in Sources */,
				5FB512C61D6089A200253B38 /* TrainingRatingListViewController.m in Sources */,
				5FB512BF1D606BA200253B38 /* DefaultWebView.m in Sources */,
				5FB5139C1D61F2C800253B38 /* TYTabTitleViewCell.m in Sources */,
				5FB075F81D6BE2F1002C4730 /* ArticleContentModel.m in Sources */,
				5F7E4D491D588DF700E9D4C8 /* DefaultSplitDetailLogoViewController.m in Sources */,
				5F7E4D641D596D9F00E9D4C8 /* ContestContentViewController.m in Sources */,
				5FB512C31D60865800253B38 /* TrainingRatingListModel.m in Sources */,
				5FB076111D6C083A002C4730 /* ContestRankListModel.m in Sources */,
				5F03E9F61D581D8100607DB9 /* HTTP.m in Sources */,
				5FAF07A61D5C77DE000CE6F6 /* FeedbackViewController.m in Sources */,
				5F7E4D4F1D58B6F900E9D4C8 /* ProblemListViewController.m in Sources */,
				5FB075E61D698310002C4730 /* StatusListViewController.m in Sources */,
				5FB512D61D609F6600253B38 /* TrainingRatingUserListTableViewCell.m in Sources */,
				5FE468231D5853EE0050636D /* DefaultSplitViewController.m in Sources */,
				5FE468191D5850CE0050636D /* NoticeSplitMasterViewController.m in Sources */,
				5FB513991D61F2C800253B38 /* TYPagerController.m in Sources */,
				5FE4682D1D5875310050636D /* NoticeSplitDetailViewController.m in Sources */,
				5F7E4D6B1D596F3300E9D4C8 /* ContestListModel.m in Sources */,
				5F4B02FB1D59C08900A531B3 /* ContestOverViewController.m in Sources */,
				5F03EA001D581D8100607DB9 /* ProblemListModel.m in Sources */,
				5FB076081D6BEF1F002C4730 /* ContestClarificationViewController.m in Sources */,
				5FB512921D5F4AC400253B38 /* StepByStepViewController.m in Sources */,
				5F03EA0D1D58243300607DB9 /* NoticeMainViewController.m in Sources */,
				5FB075E91D6983D4002C4730 /* StatusListTableViewCell.m in Sources */,
				5F03E9F81D581D8100607DB9 /* Security.m in Sources */,
				5FE4681D1D5851630050636D /* DefaultNavigationController.m in Sources */,
				5FB512AA1D604D8F00253B38 /* RecentContestListViewController.m in Sources */,
				5FB075EF1D699EF4002C4730 /* CodeSubmitViewController.m in Sources */,
				5FB076141D6C0AE9002C4730 /* ContestRankListTableViewCell.m in Sources */,
				5FB512B11D60509F00253B38 /* RecentContestListModel.m in Sources */,
				5F7E4D521D58B80100E9D4C8 /* ProblemSplitDetailViewController.m in Sources */,
				5F03EA061D58224D00607DB9 /* MainViewController.m in Sources */,
				5FB5139A1D61F2C800253B38 /* TYTabButtonPagerController.m in Sources */,
				5FB0760E1D6C07A9002C4730 /* ContestRankListViewController.m in Sources */,
				5F7E4D5B1D596C9D00E9D4C8 /* ContestSplitMasterViewController.m in Sources */,
				5F03E9BA1D581A8200607DB9 /* main.m in Sources */,
				5FB512A71D60494600253B38 /* RecentContestListTableViewCell.m in Sources */,
				5F7E4D6E1D596F8000E9D4C8 /* ContestListTableViewCell.m in Sources */,
				5F7E4D711D59709E00E9D4C8 /* ContestContentModel.m in Sources */,
				5FB5139B1D61F2C800253B38 /* TYTabPagerController.m in Sources */,
				5FB075F91D6BE2F1002C4730 /* ArticleListModel.m in Sources */,
				5F4B02F31D59A37D00A531B3 /* ProblemPageController.m in Sources */,
				5FB512951D5F4B0D00253B38 /* TeamHornorViewController.m in Sources */,
				5F4B030D1D5A04DD00A531B3 /* AccountManageViewController.m in Sources */,
				5FB075FF1D6BE834002C4730 /* UserBlogListViewController.m in Sources */,
				5F03EA161D58246E00607DB9 /* ContestMainViewController.m in Sources */,
				5F7E4D5E1D596CCB00E9D4C8 /* ContestListViewController.m in Sources */,
				5FB512C91D608C6D00253B38 /* TrainingRatingContentModel.m in Sources */,
			);
			runOnlyForDeploymentPostprocessing = 0;
		};
/* End PBXSourcesBuildPhase section */

/* Begin XCBuildConfiguration section */
		5F03E9CA1D581A8200607DB9 /* Debug */ = {
			isa = XCBuildConfiguration;
			buildSettings = {
				ALWAYS_SEARCH_USER_PATHS = NO;
				CLANG_ANALYZER_NONNULL = YES;
				CLANG_CXX_LANGUAGE_STANDARD = "gnu++0x";
				CLANG_CXX_LIBRARY = "libc++";
				CLANG_ENABLE_MODULES = YES;
				CLANG_ENABLE_OBJC_ARC = YES;
				CLANG_WARN_BOOL_CONVERSION = YES;
				CLANG_WARN_CONSTANT_CONVERSION = YES;
				CLANG_WARN_DIRECT_OBJC_ISA_USAGE = YES_ERROR;
				CLANG_WARN_EMPTY_BODY = YES;
				CLANG_WARN_ENUM_CONVERSION = YES;
				CLANG_WARN_INT_CONVERSION = YES;
				CLANG_WARN_OBJC_ROOT_CLASS = YES_ERROR;
				CLANG_WARN_UNREACHABLE_CODE = YES;
				CLANG_WARN__DUPLICATE_METHOD_MATCH = YES;
				"CODE_SIGN_IDENTITY[sdk=iphoneos*]" = "iPhone Developer";
				COPY_PHASE_STRIP = NO;
				DEBUG_INFORMATION_FORMAT = dwarf;
				ENABLE_STRICT_OBJC_MSGSEND = YES;
				ENABLE_TESTABILITY = YES;
				GCC_C_LANGUAGE_STANDARD = gnu99;
				GCC_DYNAMIC_NO_PIC = NO;
				GCC_NO_COMMON_BLOCKS = YES;
				GCC_OPTIMIZATION_LEVEL = 0;
				GCC_PREPROCESSOR_DEFINITIONS = (
					"DEBUG=1",
					"$(inherited)",
				);
				GCC_WARN_64_TO_32_BIT_CONVERSION = YES;
				GCC_WARN_ABOUT_RETURN_TYPE = YES_ERROR;
				GCC_WARN_UNDECLARED_SELECTOR = YES;
				GCC_WARN_UNINITIALIZED_AUTOS = YES_AGGRESSIVE;
				GCC_WARN_UNUSED_FUNCTION = YES;
				GCC_WARN_UNUSED_VARIABLE = YES;
				IPHONEOS_DEPLOYMENT_TARGET = 9.3;
				MTL_ENABLE_DEBUG_INFO = YES;
				ONLY_ACTIVE_ARCH = YES;
				SDKROOT = iphoneos;
				TARGETED_DEVICE_FAMILY = "1,2";
			};
			name = Debug;
		};
		5F03E9CB1D581A8200607DB9 /* Release */ = {
			isa = XCBuildConfiguration;
			buildSettings = {
				ALWAYS_SEARCH_USER_PATHS = NO;
				CLANG_ANALYZER_NONNULL = YES;
				CLANG_CXX_LANGUAGE_STANDARD = "gnu++0x";
				CLANG_CXX_LIBRARY = "libc++";
				CLANG_ENABLE_MODULES = YES;
				CLANG_ENABLE_OBJC_ARC = YES;
				CLANG_WARN_BOOL_CONVERSION = YES;
				CLANG_WARN_CONSTANT_CONVERSION = YES;
				CLANG_WARN_DIRECT_OBJC_ISA_USAGE = YES_ERROR;
				CLANG_WARN_EMPTY_BODY = YES;
				CLANG_WARN_ENUM_CONVERSION = YES;
				CLANG_WARN_INT_CONVERSION = YES;
				CLANG_WARN_OBJC_ROOT_CLASS = YES_ERROR;
				CLANG_WARN_UNREACHABLE_CODE = YES;
				CLANG_WARN__DUPLICATE_METHOD_MATCH = YES;
				"CODE_SIGN_IDENTITY[sdk=iphoneos*]" = "iPhone Developer";
				COPY_PHASE_STRIP = NO;
				DEBUG_INFORMATION_FORMAT = "dwarf-with-dsym";
				ENABLE_NS_ASSERTIONS = NO;
				ENABLE_STRICT_OBJC_MSGSEND = YES;
				GCC_C_LANGUAGE_STANDARD = gnu99;
				GCC_NO_COMMON_BLOCKS = YES;
				GCC_WARN_64_TO_32_BIT_CONVERSION = YES;
				GCC_WARN_ABOUT_RETURN_TYPE = YES_ERROR;
				GCC_WARN_UNDECLARED_SELECTOR = YES;
				GCC_WARN_UNINITIALIZED_AUTOS = YES_AGGRESSIVE;
				GCC_WARN_UNUSED_FUNCTION = YES;
				GCC_WARN_UNUSED_VARIABLE = YES;
				IPHONEOS_DEPLOYMENT_TARGET = 9.3;
				MTL_ENABLE_DEBUG_INFO = NO;
				SDKROOT = iphoneos;
				TARGETED_DEVICE_FAMILY = "1,2";
				VALIDATE_PRODUCT = YES;
			};
			name = Release;
		};
		5F03E9CD1D581A8200607DB9 /* Debug */ = {
			isa = XCBuildConfiguration;
			baseConfigurationReference = AF74DD03BA03BACE62F68F3B /* Pods-CDOJ-IOS.debug.xcconfig */;
			buildSettings = {
				ASSETCATALOG_COMPILER_APPICON_NAME = AppIcon;
				CODE_SIGN_IDENTITY = "iPhone Developer";
				"CODE_SIGN_IDENTITY[sdk=iphoneos*]" = "iPhone Developer";
				INFOPLIST_FILE = "CDOJ-IOS/Info.plist";
				IPHONEOS_DEPLOYMENT_TARGET = 9.0;
				LD_RUNPATH_SEARCH_PATHS = "$(inherited) @executable_path/Frameworks";
				PRODUCT_BUNDLE_IDENTIFIER = "cn.edu.uestc.acm.cdoj-ios";
				PRODUCT_NAME = "$(TARGET_NAME)";
				PROVISIONING_PROFILE = "";
			};
			name = Debug;
		};
		5F03E9CE1D581A8200607DB9 /* Release */ = {
			isa = XCBuildConfiguration;
			baseConfigurationReference = 0EE474F261EDAF2BBFD28F4E /* Pods-CDOJ-IOS.release.xcconfig */;
			buildSettings = {
				ASSETCATALOG_COMPILER_APPICON_NAME = AppIcon;
				CODE_SIGN_IDENTITY = "iPhone Developer";
				"CODE_SIGN_IDENTITY[sdk=iphoneos*]" = "iPhone Developer";
				INFOPLIST_FILE = "CDOJ-IOS/Info.plist";
				IPHONEOS_DEPLOYMENT_TARGET = 9.0;
				LD_RUNPATH_SEARCH_PATHS = "$(inherited) @executable_path/Frameworks";
				PRODUCT_BUNDLE_IDENTIFIER = "cn.edu.uestc.acm.cdoj-ios";
				PRODUCT_NAME = "$(TARGET_NAME)";
				PROVISIONING_PROFILE = "";
			};
			name = Release;
		};
/* End XCBuildConfiguration section */

/* Begin XCConfigurationList section */
		5F03E9B01D581A8200607DB9 /* Build configuration list for PBXProject "CDOJ-IOS" */ = {
			isa = XCConfigurationList;
			buildConfigurations = (
				5F03E9CA1D581A8200607DB9 /* Debug */,
				5F03E9CB1D581A8200607DB9 /* Release */,
			);
			defaultConfigurationIsVisible = 0;
			defaultConfigurationName = Release;
		};
		5F03E9CC1D581A8200607DB9 /* Build configuration list for PBXNativeTarget "CDOJ-IOS" */ = {
			isa = XCConfigurationList;
			buildConfigurations = (
				5F03E9CD1D581A8200607DB9 /* Debug */,
				5F03E9CE1D581A8200607DB9 /* Release */,
			);
			defaultConfigurationIsVisible = 0;
			defaultConfigurationName = Release;
		};
/* End XCConfigurationList section */
	};
	rootObject = 5F03E9AD1D581A8200607DB9 /* Project object */;
}
